// !$*UTF8*$!
{
	archiveVersion = 1;
	classes = {
	};
	objectVersion = 51;
	objects = {

/* Begin PBXBuildFile section */
		127FD91B248BAAA4002E9645 /* ArticleTabController.swift in Sources */ = {isa = PBXBuildFile; fileRef = 127FD91A248BAAA4002E9645 /* ArticleTabController.swift */; };
		127FD91D248BAAC1002E9645 /* PublishTabController.swift in Sources */ = {isa = PBXBuildFile; fileRef = 127FD91C248BAAC1002E9645 /* PublishTabController.swift */; };
		127FD91F248BAACF002E9645 /* DashboardTabController.swift in Sources */ = {isa = PBXBuildFile; fileRef = 127FD91E248BAACF002E9645 /* DashboardTabController.swift */; };
		12C64454248E129A005A2974 /* LoginController.swift in Sources */ = {isa = PBXBuildFile; fileRef = 12C64453248E129A005A2974 /* LoginController.swift */; };
		12C8B00F2533750C0072F653 /* KaobeiAPI.framework in Frameworks */ = {isa = PBXBuildFile; fileRef = 12C8B0062533750C0072F653 /* KaobeiAPI.framework */; };
		12C8B0162533750C0072F653 /* KaobeiAPITests.swift in Sources */ = {isa = PBXBuildFile; fileRef = 12C8B0152533750C0072F653 /* KaobeiAPITests.swift */; };
		12C8B0182533750C0072F653 /* KaobeiAPI.h in Headers */ = {isa = PBXBuildFile; fileRef = 12C8B0082533750C0072F653 /* KaobeiAPI.h */; settings = {ATTRIBUTES = (Public, ); }; };
		12C8B01B2533750C0072F653 /* KaobeiAPI.framework in Frameworks */ = {isa = PBXBuildFile; fileRef = 12C8B0062533750C0072F653 /* KaobeiAPI.framework */; };
		12C8B01C2533750C0072F653 /* KaobeiAPI.framework in Embed Frameworks */ = {isa = PBXBuildFile; fileRef = 12C8B0062533750C0072F653 /* KaobeiAPI.framework */; settings = {ATTRIBUTES = (CodeSignOnCopy, RemoveHeadersOnCopy, ); }; };
		12C8B027253375430072F653 /* KaobeiConnection.swift in Sources */ = {isa = PBXBuildFile; fileRef = 12C8B026253375430072F653 /* KaobeiConnection.swift */; };
		12CA61C9248C1B580020E606 /* ArticleViewController.swift in Sources */ = {isa = PBXBuildFile; fileRef = 12CA61C8248C1B580020E606 /* ArticleViewController.swift */; };
		4B101CD350B918650CC689D0 /* Pods_KaobeiAPITests.framework in Frameworks */ = {isa = PBXBuildFile; fileRef = 378DEBDA1B935BC95C6DF376 /* Pods_KaobeiAPITests.framework */; };
		64905508D51D6033F8657AF7 /* Pods_KaobeiAPI.framework in Frameworks */ = {isa = PBXBuildFile; fileRef = C9069EE99467EB2067C330D4 /* Pods_KaobeiAPI.framework */; };
		6A79BA6725D597410021F956 /* ReviewCell.swift in Sources */ = {isa = PBXBuildFile; fileRef = 6A79BA6625D597410021F956 /* ReviewCell.swift */; };
		6A79BB0525D99A080021F956 /* ArticleDetailView.storyboard in Resources */ = {isa = PBXBuildFile; fileRef = 6A79BB0425D99A080021F956 /* ArticleDetailView.storyboard */; };
		6A79BB4225D9B8D10021F956 /* KaobeiAPI.framework in Frameworks */ = {isa = PBXBuildFile; fileRef = 12C8B0062533750C0072F653 /* KaobeiAPI.framework */; };
		6AB6C09225C73271006662F8 /* TableViewGap.swift in Sources */ = {isa = PBXBuildFile; fileRef = 6AB6C09125C73271006662F8 /* TableViewGap.swift */; };
		6AB6C09725C73304006662F8 /* TableViewTitle.swift in Sources */ = {isa = PBXBuildFile; fileRef = 6AB6C09625C73304006662F8 /* TableViewTitle.swift */; };
		6AE36BD325D44CDF004BDD1D /* NVActivityIndicatorEx.swift in Sources */ = {isa = PBXBuildFile; fileRef = 6AE36BD225D44CDF004BDD1D /* NVActivityIndicatorEx.swift */; };
		6AE36BE125D44D12004BDD1D /* StringEx.swift in Sources */ = {isa = PBXBuildFile; fileRef = 6AE36BE025D44D12004BDD1D /* StringEx.swift */; };
		6AFEB9FE25E4366000D01166 /* ReviewCellData.swift in Sources */ = {isa = PBXBuildFile; fileRef = 6AFEB9FD25E4366000D01166 /* ReviewCellData.swift */; };
		853D8ED825BD204B00AD1548 /* WidgetKit.framework in Frameworks */ = {isa = PBXBuildFile; fileRef = 853D8ED725BD204B00AD1548 /* WidgetKit.framework */; };
		853D8EDA25BD204B00AD1548 /* SwiftUI.framework in Frameworks */ = {isa = PBXBuildFile; fileRef = 853D8ED925BD204B00AD1548 /* SwiftUI.framework */; };
		853D8EDD25BD204B00AD1548 /* KaobeiWidget.swift in Sources */ = {isa = PBXBuildFile; fileRef = 853D8EDC25BD204B00AD1548 /* KaobeiWidget.swift */; };
		853D8EDF25BD205600AD1548 /* Assets.xcassets in Resources */ = {isa = PBXBuildFile; fileRef = 853D8EDE25BD205600AD1548 /* Assets.xcassets */; };
		853D8EE325BD205600AD1548 /* KaobeiWidgetExtension.appex in Embed App Extensions */ = {isa = PBXBuildFile; fileRef = 853D8ED625BD204B00AD1548 /* KaobeiWidgetExtension.appex */; settings = {ATTRIBUTES = (RemoveHeadersOnCopy, ); }; };
		853D8F0B25BD528600AD1548 /* Fixedsys500c.ttf in Resources */ = {isa = PBXBuildFile; fileRef = C4DCC3EA2488041E0061C1BD /* Fixedsys500c.ttf */; };
		853D8F9A25C23C4000AD1548 /* ArticleCell.swift in Sources */ = {isa = PBXBuildFile; fileRef = 853D8F9925C23C4000AD1548 /* ArticleCell.swift */; };
		853D8F9F25C2715F00AD1548 /* UIConstants.swift in Sources */ = {isa = PBXBuildFile; fileRef = 853D8F9E25C2715F00AD1548 /* UIConstants.swift */; };
		85A6C3C725AC918B00544802 /* KaobeiURL.swift in Sources */ = {isa = PBXBuildFile; fileRef = 85A6C3C625AC918B00544802 /* KaobeiURL.swift */; };
		85AB734625B1F4E400F6238A /* KBGetArticleDetail.swift in Sources */ = {isa = PBXBuildFile; fileRef = 85AB734525B1F4E400F6238A /* KBGetArticleDetail.swift */; };
		85AB734A25B1F4ED00F6238A /* KBArticleDetail.swift in Sources */ = {isa = PBXBuildFile; fileRef = 85AB734925B1F4ED00F6238A /* KBArticleDetail.swift */; };
		85AB734E25B1FE6200F6238A /* KBGetArticleStats.swift in Sources */ = {isa = PBXBuildFile; fileRef = 85AB734D25B1FE6200F6238A /* KBGetArticleStats.swift */; };
		85AB735225B1FE6E00F6238A /* KBArticleStats.swift in Sources */ = {isa = PBXBuildFile; fileRef = 85AB735125B1FE6E00F6238A /* KBArticleStats.swift */; };
		85AB735625B2002500F6238A /* KBGetArticleComments.swift in Sources */ = {isa = PBXBuildFile; fileRef = 85AB735525B2002500F6238A /* KBGetArticleComments.swift */; };
		85AB735D25B2003400F6238A /* KBArticleComments.swift in Sources */ = {isa = PBXBuildFile; fileRef = 85AB735C25B2003400F6238A /* KBArticleComments.swift */; };
		85AB736B25B359C400F6238A /* KeyChainManager.swift in Sources */ = {isa = PBXBuildFile; fileRef = 85AB736A25B359C400F6238A /* KeyChainManager.swift */; };
		85AB742125B7603100F6238A /* KBGetUserProfile.swift in Sources */ = {isa = PBXBuildFile; fileRef = 85AB742025B7603100F6238A /* KBGetUserProfile.swift */; };
		85AB742525B7604900F6238A /* KBGetUserPosts.swift in Sources */ = {isa = PBXBuildFile; fileRef = 85AB742425B7604900F6238A /* KBGetUserPosts.swift */; };
		85AB742925B7605800F6238A /* KBPostUserPublishing.swift in Sources */ = {isa = PBXBuildFile; fileRef = 85AB742825B7605800F6238A /* KBPostUserPublishing.swift */; };
		85AB743525B7609000F6238A /* KBGetArticleReviewList.swift in Sources */ = {isa = PBXBuildFile; fileRef = 85AB743425B7609000F6238A /* KBGetArticleReviewList.swift */; };
		85AB743925B760A100F6238A /* KBGetArticleVoteAye.swift in Sources */ = {isa = PBXBuildFile; fileRef = 85AB743825B760A100F6238A /* KBGetArticleVoteAye.swift */; };
		85AB743D25B760B100F6238A /* KBGetArticleVoteNay.swift in Sources */ = {isa = PBXBuildFile; fileRef = 85AB743C25B760B100F6238A /* KBGetArticleVoteNay.swift */; };
		85AB744125B760C600F6238A /* KBUserProfile.swift in Sources */ = {isa = PBXBuildFile; fileRef = 85AB744025B760C600F6238A /* KBUserProfile.swift */; };
		85AB744525B760D500F6238A /* KBUserPosts.swift in Sources */ = {isa = PBXBuildFile; fileRef = 85AB744425B760D500F6238A /* KBUserPosts.swift */; };
		85AB744925B760E700F6238A /* KBUserPublishing.swift in Sources */ = {isa = PBXBuildFile; fileRef = 85AB744825B760E700F6238A /* KBUserPublishing.swift */; };
		85AB745525B7611100F6238A /* KBArticleReviewList.swift in Sources */ = {isa = PBXBuildFile; fileRef = 85AB745425B7611100F6238A /* KBArticleReviewList.swift */; };
		85AB745925B7611D00F6238A /* KBArticleVoteAye.swift in Sources */ = {isa = PBXBuildFile; fileRef = 85AB745825B7611D00F6238A /* KBArticleVoteAye.swift */; };
		85AB745D25B7612900F6238A /* KBArticleVoteNay.swift in Sources */ = {isa = PBXBuildFile; fileRef = 85AB745C25B7612900F6238A /* KBArticleVoteNay.swift */; };
		85AB746125B762D500F6238A /* KBCommonTypes.swift in Sources */ = {isa = PBXBuildFile; fileRef = 85AB746025B762D500F6238A /* KBCommonTypes.swift */; };
		85BB1BB925D16C7C0016CDCF /* ReviewDetailViewController.swift in Sources */ = {isa = PBXBuildFile; fileRef = 85BB1BB825D16C7C0016CDCF /* ReviewDetailViewController.swift */; };
		85C012C9253E7E4100CEA9DF /* KaobeiRequestProtocol.swift in Sources */ = {isa = PBXBuildFile; fileRef = 85C012C8253E7E4100CEA9DF /* KaobeiRequestProtocol.swift */; };
		85C012CC253E9A2200CEA9DF /* KBArticleList.swift in Sources */ = {isa = PBXBuildFile; fileRef = 85C012CB253E9A2200CEA9DF /* KBArticleList.swift */; };
		85C012CF253F25D900CEA9DF /* KBGetArticleList.swift in Sources */ = {isa = PBXBuildFile; fileRef = 85C012CE253F25D900CEA9DF /* KBGetArticleList.swift */; };
		A7D2E84B244DE50E00953132 /* AppDelegate.swift in Sources */ = {isa = PBXBuildFile; fileRef = A7D2E84A244DE50E00953132 /* AppDelegate.swift */; };
		A7D2E84D244DE50E00953132 /* SceneDelegate.swift in Sources */ = {isa = PBXBuildFile; fileRef = A7D2E84C244DE50E00953132 /* SceneDelegate.swift */; };
		A7D2E84F244DE50E00953132 /* IndexTabController.swift in Sources */ = {isa = PBXBuildFile; fileRef = A7D2E84E244DE50E00953132 /* IndexTabController.swift */; };
		A7D2E852244DE50E00953132 /* Main.storyboard in Resources */ = {isa = PBXBuildFile; fileRef = A7D2E850244DE50E00953132 /* Main.storyboard */; };
		A7D2E855244DE50E00953132 /* init_engineer_iOS_App.xcdatamodeld in Sources */ = {isa = PBXBuildFile; fileRef = A7D2E853244DE50E00953132 /* init_engineer_iOS_App.xcdatamodeld */; };
		A7D2E857244DE50F00953132 /* Assets.xcassets in Resources */ = {isa = PBXBuildFile; fileRef = A7D2E856244DE50F00953132 /* Assets.xcassets */; };
		A7D2E85A244DE50F00953132 /* LaunchScreen.storyboard in Resources */ = {isa = PBXBuildFile; fileRef = A7D2E858244DE50F00953132 /* LaunchScreen.storyboard */; };
		C414D7BA25E6BEA90075CF59 /* PreviewArticleController.swift in Sources */ = {isa = PBXBuildFile; fileRef = C414D7B925E6BEA80075CF59 /* PreviewArticleController.swift */; };
		C45A3A1C25B9363F00F484F1 /* Debug.xcconfig in Resources */ = {isa = PBXBuildFile; fileRef = C45A3A1B25B9363F00F484F1 /* Debug.xcconfig */; };
		C45A3A4F25B9897300F484F1 /* Constants.swift in Sources */ = {isa = PBXBuildFile; fileRef = C45A3A4E25B9897300F484F1 /* Constants.swift */; };
		C45DF73625C43D5100415094 /* ReviewTabController.swift in Sources */ = {isa = PBXBuildFile; fileRef = C45DF73525C43D5100415094 /* ReviewTabController.swift */; };
		C46476E525F288A100C9F8DD /* UIColorEx.swift in Sources */ = {isa = PBXBuildFile; fileRef = C46476E425F288A100C9F8DD /* UIColorEx.swift */; };
		C48F826625C54F0200D98F93 /* IndexButtonCell.swift in Sources */ = {isa = PBXBuildFile; fileRef = C48F826525C54F0200D98F93 /* IndexButtonCell.swift */; };
		C48F826B25C54F2200D98F93 /* IndexButtonCell.xib in Resources */ = {isa = PBXBuildFile; fileRef = C48F826A25C54F2200D98F93 /* IndexButtonCell.xib */; };
		C48F830125C79A0400D98F93 /* FontManager.swift in Sources */ = {isa = PBXBuildFile; fileRef = C48F830025C79A0400D98F93 /* FontManager.swift */; };
		C48F830925C8464E00D98F93 /* ThemeManager.swift in Sources */ = {isa = PBXBuildFile; fileRef = C48F830825C8464E00D98F93 /* ThemeManager.swift */; };
		C48F830E25C8CEBA00D98F93 /* KaobeiTabBarController.swift in Sources */ = {isa = PBXBuildFile; fileRef = C48F830D25C8CEB900D98F93 /* KaobeiTabBarController.swift */; };
		C4A2246625C30D5000DEB3C5 /* ArticleView.storyboard in Resources */ = {isa = PBXBuildFile; fileRef = C4A2246425C30D5000DEB3C5 /* ArticleView.storyboard */; };
		C4A2246C25C321CE00DEB3C5 /* LoginView.storyboard in Resources */ = {isa = PBXBuildFile; fileRef = C4A2246A25C321CE00DEB3C5 /* LoginView.storyboard */; };
		C4A2247525C323C000DEB3C5 /* DashboardView.storyboard in Resources */ = {isa = PBXBuildFile; fileRef = C4A2247325C323C000DEB3C5 /* DashboardView.storyboard */; };
		C4A2247B25C3240400DEB3C5 /* PublishView.storyboard in Resources */ = {isa = PBXBuildFile; fileRef = C4A2247925C3240400DEB3C5 /* PublishView.storyboard */; };
		C4A2248125C3243300DEB3C5 /* IndexView.storyboard in Resources */ = {isa = PBXBuildFile; fileRef = C4A2247F25C3243300DEB3C5 /* IndexView.storyboard */; };
		C4A2248725C3246B00DEB3C5 /* ReviewView.storyboard in Resources */ = {isa = PBXBuildFile; fileRef = C4A2248525C3246B00DEB3C5 /* ReviewView.storyboard */; };
		C4A72FB725D821E300327B0E /* ArticleCommentCell.swift in Sources */ = {isa = PBXBuildFile; fileRef = C4A72FB625D821E300327B0E /* ArticleCommentCell.swift */; };
		C4A72FCB25D84A1600327B0E /* ProfileCell.swift in Sources */ = {isa = PBXBuildFile; fileRef = C4A72FCA25D84A1600327B0E /* ProfileCell.swift */; };
		C4DCC3EB2488041E0061C1BD /* Fixedsys500c.ttf in Resources */ = {isa = PBXBuildFile; fileRef = C4DCC3EA2488041E0061C1BD /* Fixedsys500c.ttf */; };
		DC41933B260609EE006E38F8 /* KBInteractiveLinkLabel.swift in Sources */ = {isa = PBXBuildFile; fileRef = DC41933A260609EE006E38F8 /* KBInteractiveLinkLabel.swift */; };
		DC502755260CC48400B3D5A4 /* KBInteractiveLinkTextView.swift in Sources */ = {isa = PBXBuildFile; fileRef = DC502754260CC48400B3D5A4 /* KBInteractiveLinkTextView.swift */; };
		DCDF250525F7DB3000B9137A /* Constants.swift in Sources */ = {isa = PBXBuildFile; fileRef = C45A3A4E25B9897300F484F1 /* Constants.swift */; };
		F7769AE4515EAFECA91FD255 /* Pods_init_engineer_iOS_App.framework in Frameworks */ = {isa = PBXBuildFile; fileRef = 9CB7835095CFCC106E3E1CBB /* Pods_init_engineer_iOS_App.framework */; };
		FA0ADB9BEA73C3F6ECF9124B /* Pods_KaobeiWidgetExtension.framework in Frameworks */ = {isa = PBXBuildFile; fileRef = 12C52278991D6B26FFCE26B7 /* Pods_KaobeiWidgetExtension.framework */; };
/* End PBXBuildFile section */

/* Begin PBXContainerItemProxy section */
		12C8B0102533750C0072F653 /* PBXContainerItemProxy */ = {
			isa = PBXContainerItemProxy;
			containerPortal = A7D2E83F244DE50E00953132 /* Project object */;
			proxyType = 1;
			remoteGlobalIDString = 12C8B0052533750C0072F653;
			remoteInfo = KaobeiAPI;
		};
		12C8B0122533750C0072F653 /* PBXContainerItemProxy */ = {
			isa = PBXContainerItemProxy;
			containerPortal = A7D2E83F244DE50E00953132 /* Project object */;
			proxyType = 1;
			remoteGlobalIDString = A7D2E846244DE50E00953132;
			remoteInfo = "init.engineer-iOS-App";
		};
		12C8B0192533750C0072F653 /* PBXContainerItemProxy */ = {
			isa = PBXContainerItemProxy;
			containerPortal = A7D2E83F244DE50E00953132 /* Project object */;
			proxyType = 1;
			remoteGlobalIDString = 12C8B0052533750C0072F653;
			remoteInfo = KaobeiAPI;
		};
		6A79BB4425D9B8D10021F956 /* PBXContainerItemProxy */ = {
			isa = PBXContainerItemProxy;
			containerPortal = A7D2E83F244DE50E00953132 /* Project object */;
			proxyType = 1;
			remoteGlobalIDString = 12C8B0052533750C0072F653;
			remoteInfo = KaobeiAPI;
		};
		853D8EE125BD205600AD1548 /* PBXContainerItemProxy */ = {
			isa = PBXContainerItemProxy;
			containerPortal = A7D2E83F244DE50E00953132 /* Project object */;
			proxyType = 1;
			remoteGlobalIDString = 853D8ED525BD204B00AD1548;
			remoteInfo = KaobeiWidgetExtension;
		};
/* End PBXContainerItemProxy section */

/* Begin PBXCopyFilesBuildPhase section */
		12C8B01D2533750C0072F653 /* Embed Frameworks */ = {
			isa = PBXCopyFilesBuildPhase;
			buildActionMask = 2147483647;
			dstPath = "";
			dstSubfolderSpec = 10;
			files = (
				12C8B01C2533750C0072F653 /* KaobeiAPI.framework in Embed Frameworks */,
			);
			name = "Embed Frameworks";
			runOnlyForDeploymentPostprocessing = 0;
		};
		853D8EE525BD205900AD1548 /* Embed App Extensions */ = {
			isa = PBXCopyFilesBuildPhase;
			buildActionMask = 2147483647;
			dstPath = "";
			dstSubfolderSpec = 13;
			files = (
				853D8EE325BD205600AD1548 /* KaobeiWidgetExtension.appex in Embed App Extensions */,
			);
			name = "Embed App Extensions";
			runOnlyForDeploymentPostprocessing = 0;
		};
/* End PBXCopyFilesBuildPhase section */

/* Begin PBXFileReference section */
		11F7D87896CC11B1D64EF433 /* Pods-KaobeiWidgetExtension.release.xcconfig */ = {isa = PBXFileReference; includeInIndex = 1; lastKnownFileType = text.xcconfig; name = "Pods-KaobeiWidgetExtension.release.xcconfig"; path = "Target Support Files/Pods-KaobeiWidgetExtension/Pods-KaobeiWidgetExtension.release.xcconfig"; sourceTree = "<group>"; };
		127FD91A248BAAA4002E9645 /* ArticleTabController.swift */ = {isa = PBXFileReference; lastKnownFileType = sourcecode.swift; path = ArticleTabController.swift; sourceTree = "<group>"; };
		127FD91C248BAAC1002E9645 /* PublishTabController.swift */ = {isa = PBXFileReference; lastKnownFileType = sourcecode.swift; path = PublishTabController.swift; sourceTree = "<group>"; };
		127FD91E248BAACF002E9645 /* DashboardTabController.swift */ = {isa = PBXFileReference; lastKnownFileType = sourcecode.swift; path = DashboardTabController.swift; sourceTree = "<group>"; };
		12C52278991D6B26FFCE26B7 /* Pods_KaobeiWidgetExtension.framework */ = {isa = PBXFileReference; explicitFileType = wrapper.framework; includeInIndex = 0; path = Pods_KaobeiWidgetExtension.framework; sourceTree = BUILT_PRODUCTS_DIR; };
		12C64453248E129A005A2974 /* LoginController.swift */ = {isa = PBXFileReference; lastKnownFileType = sourcecode.swift; path = LoginController.swift; sourceTree = "<group>"; };
		12C8B0062533750C0072F653 /* KaobeiAPI.framework */ = {isa = PBXFileReference; explicitFileType = wrapper.framework; includeInIndex = 0; path = KaobeiAPI.framework; sourceTree = BUILT_PRODUCTS_DIR; };
		12C8B0082533750C0072F653 /* KaobeiAPI.h */ = {isa = PBXFileReference; lastKnownFileType = sourcecode.c.h; path = KaobeiAPI.h; sourceTree = "<group>"; };
		12C8B0092533750C0072F653 /* Info.plist */ = {isa = PBXFileReference; lastKnownFileType = text.plist.xml; path = Info.plist; sourceTree = "<group>"; };
		12C8B00E2533750C0072F653 /* KaobeiAPITests.xctest */ = {isa = PBXFileReference; explicitFileType = wrapper.cfbundle; includeInIndex = 0; path = KaobeiAPITests.xctest; sourceTree = BUILT_PRODUCTS_DIR; };
		12C8B0152533750C0072F653 /* KaobeiAPITests.swift */ = {isa = PBXFileReference; lastKnownFileType = sourcecode.swift; path = KaobeiAPITests.swift; sourceTree = "<group>"; };
		12C8B0172533750C0072F653 /* Info.plist */ = {isa = PBXFileReference; lastKnownFileType = text.plist.xml; path = Info.plist; sourceTree = "<group>"; };
		12C8B026253375430072F653 /* KaobeiConnection.swift */ = {isa = PBXFileReference; lastKnownFileType = sourcecode.swift; path = KaobeiConnection.swift; sourceTree = "<group>"; };
		12CA61C8248C1B580020E606 /* ArticleViewController.swift */ = {isa = PBXFileReference; lastKnownFileType = sourcecode.swift; path = ArticleViewController.swift; sourceTree = "<group>"; };
		378DEBDA1B935BC95C6DF376 /* Pods_KaobeiAPITests.framework */ = {isa = PBXFileReference; explicitFileType = wrapper.framework; includeInIndex = 0; path = Pods_KaobeiAPITests.framework; sourceTree = BUILT_PRODUCTS_DIR; };
		4DBAC1F82C85E00ADC5B2A2D /* Pods-init.engineer-iOS-App.release.xcconfig */ = {isa = PBXFileReference; includeInIndex = 1; lastKnownFileType = text.xcconfig; name = "Pods-init.engineer-iOS-App.release.xcconfig"; path = "Target Support Files/Pods-init.engineer-iOS-App/Pods-init.engineer-iOS-App.release.xcconfig"; sourceTree = "<group>"; };
		663E963A8BEECEF2EE41233B /* Pods-KaobeiAPITests.release.xcconfig */ = {isa = PBXFileReference; includeInIndex = 1; lastKnownFileType = text.xcconfig; name = "Pods-KaobeiAPITests.release.xcconfig"; path = "Target Support Files/Pods-KaobeiAPITests/Pods-KaobeiAPITests.release.xcconfig"; sourceTree = "<group>"; };
		6A79BA6625D597410021F956 /* ReviewCell.swift */ = {isa = PBXFileReference; lastKnownFileType = sourcecode.swift; path = ReviewCell.swift; sourceTree = "<group>"; };
		6A79BB0425D99A080021F956 /* ArticleDetailView.storyboard */ = {isa = PBXFileReference; lastKnownFileType = file.storyboard; path = ArticleDetailView.storyboard; sourceTree = "<group>"; };
		6AB6C09125C73271006662F8 /* TableViewGap.swift */ = {isa = PBXFileReference; lastKnownFileType = sourcecode.swift; path = TableViewGap.swift; sourceTree = "<group>"; };
		6AB6C09625C73304006662F8 /* TableViewTitle.swift */ = {isa = PBXFileReference; lastKnownFileType = sourcecode.swift; path = TableViewTitle.swift; sourceTree = "<group>"; };
		6AE36BD225D44CDF004BDD1D /* NVActivityIndicatorEx.swift */ = {isa = PBXFileReference; lastKnownFileType = sourcecode.swift; path = NVActivityIndicatorEx.swift; sourceTree = "<group>"; };
		6AE36BE025D44D12004BDD1D /* StringEx.swift */ = {isa = PBXFileReference; lastKnownFileType = sourcecode.swift; path = StringEx.swift; sourceTree = "<group>"; };
		6AFEB9FD25E4366000D01166 /* ReviewCellData.swift */ = {isa = PBXFileReference; lastKnownFileType = sourcecode.swift; path = ReviewCellData.swift; sourceTree = "<group>"; };
		79B5849E905BB7F6DA0B9EE3 /* Pods-init.engineer-iOS-App.debug.xcconfig */ = {isa = PBXFileReference; includeInIndex = 1; lastKnownFileType = text.xcconfig; name = "Pods-init.engineer-iOS-App.debug.xcconfig"; path = "Target Support Files/Pods-init.engineer-iOS-App/Pods-init.engineer-iOS-App.debug.xcconfig"; sourceTree = "<group>"; };
		7C6BFC3D83D02672BD8CF349 /* Pods-KaobeiAPITests.debug.xcconfig */ = {isa = PBXFileReference; includeInIndex = 1; lastKnownFileType = text.xcconfig; name = "Pods-KaobeiAPITests.debug.xcconfig"; path = "Target Support Files/Pods-KaobeiAPITests/Pods-KaobeiAPITests.debug.xcconfig"; sourceTree = "<group>"; };
		853D8ED625BD204B00AD1548 /* KaobeiWidgetExtension.appex */ = {isa = PBXFileReference; explicitFileType = "wrapper.app-extension"; includeInIndex = 0; path = KaobeiWidgetExtension.appex; sourceTree = BUILT_PRODUCTS_DIR; };
		853D8ED725BD204B00AD1548 /* WidgetKit.framework */ = {isa = PBXFileReference; lastKnownFileType = wrapper.framework; name = WidgetKit.framework; path = System/Library/Frameworks/WidgetKit.framework; sourceTree = SDKROOT; };
		853D8ED925BD204B00AD1548 /* SwiftUI.framework */ = {isa = PBXFileReference; lastKnownFileType = wrapper.framework; name = SwiftUI.framework; path = System/Library/Frameworks/SwiftUI.framework; sourceTree = SDKROOT; };
		853D8EDC25BD204B00AD1548 /* KaobeiWidget.swift */ = {isa = PBXFileReference; lastKnownFileType = sourcecode.swift; path = KaobeiWidget.swift; sourceTree = "<group>"; };
		853D8EDE25BD205600AD1548 /* Assets.xcassets */ = {isa = PBXFileReference; lastKnownFileType = folder.assetcatalog; path = Assets.xcassets; sourceTree = "<group>"; };
		853D8EE025BD205600AD1548 /* Info.plist */ = {isa = PBXFileReference; lastKnownFileType = text.plist.xml; path = Info.plist; sourceTree = "<group>"; };
		853D8EE425BD205900AD1548 /* KaobeiWidgetExtension.entitlements */ = {isa = PBXFileReference; lastKnownFileType = text.plist.entitlements; path = KaobeiWidgetExtension.entitlements; sourceTree = "<group>"; };
		853D8F9925C23C4000AD1548 /* ArticleCell.swift */ = {isa = PBXFileReference; lastKnownFileType = sourcecode.swift; path = ArticleCell.swift; sourceTree = "<group>"; };
		853D8F9E25C2715F00AD1548 /* UIConstants.swift */ = {isa = PBXFileReference; lastKnownFileType = sourcecode.swift; path = UIConstants.swift; sourceTree = "<group>"; };
		85A6C3C625AC918B00544802 /* KaobeiURL.swift */ = {isa = PBXFileReference; lastKnownFileType = sourcecode.swift; path = KaobeiURL.swift; sourceTree = "<group>"; };
		85AB734525B1F4E400F6238A /* KBGetArticleDetail.swift */ = {isa = PBXFileReference; lastKnownFileType = sourcecode.swift; path = KBGetArticleDetail.swift; sourceTree = "<group>"; };
		85AB734925B1F4ED00F6238A /* KBArticleDetail.swift */ = {isa = PBXFileReference; lastKnownFileType = sourcecode.swift; path = KBArticleDetail.swift; sourceTree = "<group>"; };
		85AB734D25B1FE6200F6238A /* KBGetArticleStats.swift */ = {isa = PBXFileReference; lastKnownFileType = sourcecode.swift; path = KBGetArticleStats.swift; sourceTree = "<group>"; };
		85AB735125B1FE6E00F6238A /* KBArticleStats.swift */ = {isa = PBXFileReference; lastKnownFileType = sourcecode.swift; path = KBArticleStats.swift; sourceTree = "<group>"; };
		85AB735525B2002500F6238A /* KBGetArticleComments.swift */ = {isa = PBXFileReference; lastKnownFileType = sourcecode.swift; path = KBGetArticleComments.swift; sourceTree = "<group>"; };
		85AB735C25B2003400F6238A /* KBArticleComments.swift */ = {isa = PBXFileReference; lastKnownFileType = sourcecode.swift; path = KBArticleComments.swift; sourceTree = "<group>"; };
		85AB736A25B359C400F6238A /* KeyChainManager.swift */ = {isa = PBXFileReference; lastKnownFileType = sourcecode.swift; path = KeyChainManager.swift; sourceTree = "<group>"; };
		85AB740725B564F300F6238A /* 純靠北工程師.entitlements */ = {isa = PBXFileReference; lastKnownFileType = text.plist.entitlements; path = "純靠北工程師.entitlements"; sourceTree = "<group>"; };
		85AB742025B7603100F6238A /* KBGetUserProfile.swift */ = {isa = PBXFileReference; lastKnownFileType = sourcecode.swift; path = KBGetUserProfile.swift; sourceTree = "<group>"; };
		85AB742425B7604900F6238A /* KBGetUserPosts.swift */ = {isa = PBXFileReference; lastKnownFileType = sourcecode.swift; path = KBGetUserPosts.swift; sourceTree = "<group>"; };
		85AB742825B7605800F6238A /* KBPostUserPublishing.swift */ = {isa = PBXFileReference; lastKnownFileType = sourcecode.swift; path = KBPostUserPublishing.swift; sourceTree = "<group>"; };
		85AB743425B7609000F6238A /* KBGetArticleReviewList.swift */ = {isa = PBXFileReference; lastKnownFileType = sourcecode.swift; path = KBGetArticleReviewList.swift; sourceTree = "<group>"; };
		85AB743825B760A100F6238A /* KBGetArticleVoteAye.swift */ = {isa = PBXFileReference; lastKnownFileType = sourcecode.swift; path = KBGetArticleVoteAye.swift; sourceTree = "<group>"; };
		85AB743C25B760B100F6238A /* KBGetArticleVoteNay.swift */ = {isa = PBXFileReference; lastKnownFileType = sourcecode.swift; path = KBGetArticleVoteNay.swift; sourceTree = "<group>"; };
		85AB744025B760C600F6238A /* KBUserProfile.swift */ = {isa = PBXFileReference; lastKnownFileType = sourcecode.swift; path = KBUserProfile.swift; sourceTree = "<group>"; };
		85AB744425B760D500F6238A /* KBUserPosts.swift */ = {isa = PBXFileReference; lastKnownFileType = sourcecode.swift; path = KBUserPosts.swift; sourceTree = "<group>"; };
		85AB744825B760E700F6238A /* KBUserPublishing.swift */ = {isa = PBXFileReference; lastKnownFileType = sourcecode.swift; path = KBUserPublishing.swift; sourceTree = "<group>"; };
		85AB745425B7611100F6238A /* KBArticleReviewList.swift */ = {isa = PBXFileReference; lastKnownFileType = sourcecode.swift; path = KBArticleReviewList.swift; sourceTree = "<group>"; };
		85AB745825B7611D00F6238A /* KBArticleVoteAye.swift */ = {isa = PBXFileReference; lastKnownFileType = sourcecode.swift; path = KBArticleVoteAye.swift; sourceTree = "<group>"; };
		85AB745C25B7612900F6238A /* KBArticleVoteNay.swift */ = {isa = PBXFileReference; lastKnownFileType = sourcecode.swift; path = KBArticleVoteNay.swift; sourceTree = "<group>"; };
		85AB746025B762D500F6238A /* KBCommonTypes.swift */ = {isa = PBXFileReference; lastKnownFileType = sourcecode.swift; path = KBCommonTypes.swift; sourceTree = "<group>"; };
		85BB1BB825D16C7C0016CDCF /* ReviewDetailViewController.swift */ = {isa = PBXFileReference; lastKnownFileType = sourcecode.swift; path = ReviewDetailViewController.swift; sourceTree = "<group>"; };
		85C012C4253E63AC00CEA9DF /* Alamofire.framework */ = {isa = PBXFileReference; explicitFileType = wrapper.framework; path = Alamofire.framework; sourceTree = BUILT_PRODUCTS_DIR; };
		85C012C8253E7E4100CEA9DF /* KaobeiRequestProtocol.swift */ = {isa = PBXFileReference; lastKnownFileType = sourcecode.swift; path = KaobeiRequestProtocol.swift; sourceTree = "<group>"; };
		85C012CB253E9A2200CEA9DF /* KBArticleList.swift */ = {isa = PBXFileReference; lastKnownFileType = sourcecode.swift; path = KBArticleList.swift; sourceTree = "<group>"; };
		85C012CE253F25D900CEA9DF /* KBGetArticleList.swift */ = {isa = PBXFileReference; lastKnownFileType = sourcecode.swift; path = KBGetArticleList.swift; sourceTree = "<group>"; };
		9CB7835095CFCC106E3E1CBB /* Pods_init_engineer_iOS_App.framework */ = {isa = PBXFileReference; explicitFileType = wrapper.framework; includeInIndex = 0; path = Pods_init_engineer_iOS_App.framework; sourceTree = BUILT_PRODUCTS_DIR; };
		A7D2E847244DE50E00953132 /* 純靠北工程師.app */ = {isa = PBXFileReference; explicitFileType = wrapper.application; includeInIndex = 0; path = "純靠北工程師.app"; sourceTree = BUILT_PRODUCTS_DIR; };
		A7D2E84A244DE50E00953132 /* AppDelegate.swift */ = {isa = PBXFileReference; lastKnownFileType = sourcecode.swift; path = AppDelegate.swift; sourceTree = "<group>"; };
		A7D2E84C244DE50E00953132 /* SceneDelegate.swift */ = {isa = PBXFileReference; lastKnownFileType = sourcecode.swift; path = SceneDelegate.swift; sourceTree = "<group>"; };
		A7D2E84E244DE50E00953132 /* IndexTabController.swift */ = {isa = PBXFileReference; lastKnownFileType = sourcecode.swift; path = IndexTabController.swift; sourceTree = "<group>"; };
		A7D2E851244DE50E00953132 /* Base */ = {isa = PBXFileReference; lastKnownFileType = file.storyboard; name = Base; path = Base.lproj/Main.storyboard; sourceTree = "<group>"; };
		A7D2E854244DE50E00953132 /* init_engineer_iOS_App.xcdatamodel */ = {isa = PBXFileReference; lastKnownFileType = wrapper.xcdatamodel; path = init_engineer_iOS_App.xcdatamodel; sourceTree = "<group>"; };
		A7D2E856244DE50F00953132 /* Assets.xcassets */ = {isa = PBXFileReference; lastKnownFileType = folder.assetcatalog; path = Assets.xcassets; sourceTree = "<group>"; };
		A7D2E859244DE50F00953132 /* Base */ = {isa = PBXFileReference; lastKnownFileType = file.storyboard; name = Base; path = Base.lproj/LaunchScreen.storyboard; sourceTree = "<group>"; };
		A7D2E85B244DE50F00953132 /* Info.plist */ = {isa = PBXFileReference; lastKnownFileType = text.plist.xml; path = Info.plist; sourceTree = "<group>"; };
		AC004913BF7408C620A953D1 /* Pods-KaobeiWidgetExtension.debug.xcconfig */ = {isa = PBXFileReference; includeInIndex = 1; lastKnownFileType = text.xcconfig; name = "Pods-KaobeiWidgetExtension.debug.xcconfig"; path = "Target Support Files/Pods-KaobeiWidgetExtension/Pods-KaobeiWidgetExtension.debug.xcconfig"; sourceTree = "<group>"; };
		C414D7B925E6BEA80075CF59 /* PreviewArticleController.swift */ = {isa = PBXFileReference; lastKnownFileType = sourcecode.swift; path = PreviewArticleController.swift; sourceTree = "<group>"; };
		C45A3A1B25B9363F00F484F1 /* Debug.xcconfig */ = {isa = PBXFileReference; fileEncoding = 4; lastKnownFileType = text.xcconfig; path = Debug.xcconfig; sourceTree = "<group>"; };
		C45A3A2525B9372E00F484F1 /* Release.xcconfig */ = {isa = PBXFileReference; lastKnownFileType = text.xcconfig; path = Release.xcconfig; sourceTree = "<group>"; };
		C45A3A4E25B9897300F484F1 /* Constants.swift */ = {isa = PBXFileReference; lastKnownFileType = sourcecode.swift; path = Constants.swift; sourceTree = "<group>"; };
		C45DF73525C43D5100415094 /* ReviewTabController.swift */ = {isa = PBXFileReference; lastKnownFileType = sourcecode.swift; name = ReviewTabController.swift; path = "init.engineer-iOS-App/Controller/ReviewTabController.swift"; sourceTree = SOURCE_ROOT; };
		C46476E425F288A100C9F8DD /* UIColorEx.swift */ = {isa = PBXFileReference; lastKnownFileType = sourcecode.swift; path = UIColorEx.swift; sourceTree = "<group>"; };
		C48F826525C54F0200D98F93 /* IndexButtonCell.swift */ = {isa = PBXFileReference; lastKnownFileType = sourcecode.swift; path = IndexButtonCell.swift; sourceTree = "<group>"; };
		C48F826A25C54F2200D98F93 /* IndexButtonCell.xib */ = {isa = PBXFileReference; lastKnownFileType = file.xib; path = IndexButtonCell.xib; sourceTree = "<group>"; };
		C48F830025C79A0400D98F93 /* FontManager.swift */ = {isa = PBXFileReference; lastKnownFileType = sourcecode.swift; path = FontManager.swift; sourceTree = "<group>"; };
		C48F830825C8464E00D98F93 /* ThemeManager.swift */ = {isa = PBXFileReference; lastKnownFileType = sourcecode.swift; path = ThemeManager.swift; sourceTree = "<group>"; };
		C48F830D25C8CEB900D98F93 /* KaobeiTabBarController.swift */ = {isa = PBXFileReference; lastKnownFileType = sourcecode.swift; path = KaobeiTabBarController.swift; sourceTree = "<group>"; };
		C4A2246525C30D5000DEB3C5 /* Base */ = {isa = PBXFileReference; lastKnownFileType = file.storyboard; name = Base; path = Base.lproj/ArticleView.storyboard; sourceTree = "<group>"; };
		C4A2246B25C321CE00DEB3C5 /* Base */ = {isa = PBXFileReference; lastKnownFileType = file.storyboard; name = Base; path = Base.lproj/LoginView.storyboard; sourceTree = "<group>"; };
		C4A2247425C323C000DEB3C5 /* Base */ = {isa = PBXFileReference; lastKnownFileType = file.storyboard; name = Base; path = Base.lproj/DashboardView.storyboard; sourceTree = "<group>"; };
		C4A2247A25C3240400DEB3C5 /* Base */ = {isa = PBXFileReference; lastKnownFileType = file.storyboard; name = Base; path = Base.lproj/PublishView.storyboard; sourceTree = "<group>"; };
		C4A2248025C3243300DEB3C5 /* Base */ = {isa = PBXFileReference; lastKnownFileType = file.storyboard; name = Base; path = Base.lproj/IndexView.storyboard; sourceTree = "<group>"; };
		C4A2248625C3246B00DEB3C5 /* Base */ = {isa = PBXFileReference; lastKnownFileType = file.storyboard; name = Base; path = Base.lproj/ReviewView.storyboard; sourceTree = "<group>"; };
		C4A72FB625D821E300327B0E /* ArticleCommentCell.swift */ = {isa = PBXFileReference; fileEncoding = 4; lastKnownFileType = sourcecode.swift; path = ArticleCommentCell.swift; sourceTree = "<group>"; };
		C4A72FCA25D84A1600327B0E /* ProfileCell.swift */ = {isa = PBXFileReference; lastKnownFileType = sourcecode.swift; path = ProfileCell.swift; sourceTree = "<group>"; };
		C4DCC3EA2488041E0061C1BD /* Fixedsys500c.ttf */ = {isa = PBXFileReference; lastKnownFileType = file; path = Fixedsys500c.ttf; sourceTree = "<group>"; };
		C9069EE99467EB2067C330D4 /* Pods_KaobeiAPI.framework */ = {isa = PBXFileReference; explicitFileType = wrapper.framework; includeInIndex = 0; path = Pods_KaobeiAPI.framework; sourceTree = BUILT_PRODUCTS_DIR; };
		CF88C66D71E845756FD1E8EB /* Pods-KaobeiAPI.release.xcconfig */ = {isa = PBXFileReference; includeInIndex = 1; lastKnownFileType = text.xcconfig; name = "Pods-KaobeiAPI.release.xcconfig"; path = "Target Support Files/Pods-KaobeiAPI/Pods-KaobeiAPI.release.xcconfig"; sourceTree = "<group>"; };
		DC41933A260609EE006E38F8 /* KBInteractiveLinkLabel.swift */ = {isa = PBXFileReference; lastKnownFileType = sourcecode.swift; path = KBInteractiveLinkLabel.swift; sourceTree = "<group>"; };
		DC502754260CC48400B3D5A4 /* KBInteractiveLinkTextView.swift */ = {isa = PBXFileReference; lastKnownFileType = sourcecode.swift; path = KBInteractiveLinkTextView.swift; sourceTree = "<group>"; };
		E166187F28AE322B0756B13F /* Pods-KaobeiAPI.debug.xcconfig */ = {isa = PBXFileReference; includeInIndex = 1; lastKnownFileType = text.xcconfig; name = "Pods-KaobeiAPI.debug.xcconfig"; path = "Target Support Files/Pods-KaobeiAPI/Pods-KaobeiAPI.debug.xcconfig"; sourceTree = "<group>"; };
/* End PBXFileReference section */

/* Begin PBXFrameworksBuildPhase section */
		12C8B0032533750C0072F653 /* Frameworks */ = {
			isa = PBXFrameworksBuildPhase;
			buildActionMask = 2147483647;
			files = (
				64905508D51D6033F8657AF7 /* Pods_KaobeiAPI.framework in Frameworks */,
			);
			runOnlyForDeploymentPostprocessing = 0;
		};
		12C8B00B2533750C0072F653 /* Frameworks */ = {
			isa = PBXFrameworksBuildPhase;
			buildActionMask = 2147483647;
			files = (
				12C8B00F2533750C0072F653 /* KaobeiAPI.framework in Frameworks */,
				4B101CD350B918650CC689D0 /* Pods_KaobeiAPITests.framework in Frameworks */,
			);
			runOnlyForDeploymentPostprocessing = 0;
		};
		853D8ED325BD204B00AD1548 /* Frameworks */ = {
			isa = PBXFrameworksBuildPhase;
			buildActionMask = 2147483647;
			files = (
				6A79BB4225D9B8D10021F956 /* KaobeiAPI.framework in Frameworks */,
				853D8EDA25BD204B00AD1548 /* SwiftUI.framework in Frameworks */,
				853D8ED825BD204B00AD1548 /* WidgetKit.framework in Frameworks */,
				FA0ADB9BEA73C3F6ECF9124B /* Pods_KaobeiWidgetExtension.framework in Frameworks */,
			);
			runOnlyForDeploymentPostprocessing = 0;
		};
		A7D2E844244DE50E00953132 /* Frameworks */ = {
			isa = PBXFrameworksBuildPhase;
			buildActionMask = 2147483647;
			files = (
				12C8B01B2533750C0072F653 /* KaobeiAPI.framework in Frameworks */,
				F7769AE4515EAFECA91FD255 /* Pods_init_engineer_iOS_App.framework in Frameworks */,
			);
			runOnlyForDeploymentPostprocessing = 0;
		};
/* End PBXFrameworksBuildPhase section */

/* Begin PBXGroup section */
		12C8B0072533750C0072F653 /* KaobeiAPI */ = {
			isa = PBXGroup;
			children = (
				12C8B0082533750C0072F653 /* KaobeiAPI.h */,
				12C8B0092533750C0072F653 /* Info.plist */,
				12C8B026253375430072F653 /* KaobeiConnection.swift */,
				85C012C8253E7E4100CEA9DF /* KaobeiRequestProtocol.swift */,
				85A6C3C625AC918B00544802 /* KaobeiURL.swift */,
				85C012CD253F259400CEA9DF /* request */,
				85C012CA253E99F800CEA9DF /* response */,
			);
			path = KaobeiAPI;
			sourceTree = "<group>";
		};
		12C8B0142533750C0072F653 /* KaobeiAPITests */ = {
			isa = PBXGroup;
			children = (
				12C8B0152533750C0072F653 /* KaobeiAPITests.swift */,
				12C8B0172533750C0072F653 /* Info.plist */,
			);
			path = KaobeiAPITests;
			sourceTree = "<group>";
		};
		44F76C77391FABA8FEB885E1 /* Frameworks */ = {
			isa = PBXGroup;
			children = (
				85C012C4253E63AC00CEA9DF /* Alamofire.framework */,
				853D8ED725BD204B00AD1548 /* WidgetKit.framework */,
				853D8ED925BD204B00AD1548 /* SwiftUI.framework */,
				C9069EE99467EB2067C330D4 /* Pods_KaobeiAPI.framework */,
				378DEBDA1B935BC95C6DF376 /* Pods_KaobeiAPITests.framework */,
				12C52278991D6B26FFCE26B7 /* Pods_KaobeiWidgetExtension.framework */,
				9CB7835095CFCC106E3E1CBB /* Pods_init_engineer_iOS_App.framework */,
			);
			name = Frameworks;
			sourceTree = "<group>";
		};
		6AE36BD025D44CB6004BDD1D /* Extension */ = {
			isa = PBXGroup;
			children = (
				6AE36BD225D44CDF004BDD1D /* NVActivityIndicatorEx.swift */,
				6AE36BE025D44D12004BDD1D /* StringEx.swift */,
				C46476E425F288A100C9F8DD /* UIColorEx.swift */,
			);
			path = Extension;
			sourceTree = "<group>";
		};
		853D8EDB25BD204B00AD1548 /* KaobeiWidget */ = {
			isa = PBXGroup;
			children = (
				853D8EDC25BD204B00AD1548 /* KaobeiWidget.swift */,
				853D8EDE25BD205600AD1548 /* Assets.xcassets */,
				853D8EE025BD205600AD1548 /* Info.plist */,
			);
			path = KaobeiWidget;
			sourceTree = "<group>";
		};
		853D8F8B25C23A2B00AD1548 /* Components */ = {
			isa = PBXGroup;
			children = (
				853D8F9925C23C4000AD1548 /* ArticleCell.swift */,
				6A79BA6625D597410021F956 /* ReviewCell.swift */,
				6AB6C09125C73271006662F8 /* TableViewGap.swift */,
				6AB6C09625C73304006662F8 /* TableViewTitle.swift */,
				C4A72FCA25D84A1600327B0E /* ProfileCell.swift */,
				853D8F9E25C2715F00AD1548 /* UIConstants.swift */,
				C48F826525C54F0200D98F93 /* IndexButtonCell.swift */,
				C48F826A25C54F2200D98F93 /* IndexButtonCell.xib */,
				C4A72FB625D821E300327B0E /* ArticleCommentCell.swift */,
				DC41933A260609EE006E38F8 /* KBInteractiveLinkLabel.swift */,
				DC502754260CC48400B3D5A4 /* KBInteractiveLinkTextView.swift */,
			);
			path = Components;
			sourceTree = "<group>";
		};
		85AB736925B359A300F6238A /* Token */ = {
			isa = PBXGroup;
			children = (
				85AB736A25B359C400F6238A /* KeyChainManager.swift */,
			);
			path = Token;
			sourceTree = "<group>";
		};
		85C012CA253E99F800CEA9DF /* response */ = {
			isa = PBXGroup;
			children = (
				85AB746025B762D500F6238A /* KBCommonTypes.swift */,
				85C012CB253E9A2200CEA9DF /* KBArticleList.swift */,
				85AB734925B1F4ED00F6238A /* KBArticleDetail.swift */,
				85AB735125B1FE6E00F6238A /* KBArticleStats.swift */,
				85AB735C25B2003400F6238A /* KBArticleComments.swift */,
				85AB744025B760C600F6238A /* KBUserProfile.swift */,
				85AB744425B760D500F6238A /* KBUserPosts.swift */,
				85AB744825B760E700F6238A /* KBUserPublishing.swift */,
				85AB745425B7611100F6238A /* KBArticleReviewList.swift */,
				85AB745825B7611D00F6238A /* KBArticleVoteAye.swift */,
				85AB745C25B7612900F6238A /* KBArticleVoteNay.swift */,
			);
			path = response;
			sourceTree = "<group>";
		};
		85C012CD253F259400CEA9DF /* request */ = {
			isa = PBXGroup;
			children = (
				85C012CE253F25D900CEA9DF /* KBGetArticleList.swift */,
				85AB734525B1F4E400F6238A /* KBGetArticleDetail.swift */,
				85AB734D25B1FE6200F6238A /* KBGetArticleStats.swift */,
				85AB735525B2002500F6238A /* KBGetArticleComments.swift */,
				85AB742025B7603100F6238A /* KBGetUserProfile.swift */,
				85AB742425B7604900F6238A /* KBGetUserPosts.swift */,
				85AB742825B7605800F6238A /* KBPostUserPublishing.swift */,
				85AB743425B7609000F6238A /* KBGetArticleReviewList.swift */,
				85AB743825B760A100F6238A /* KBGetArticleVoteAye.swift */,
				85AB743C25B760B100F6238A /* KBGetArticleVoteNay.swift */,
			);
			path = request;
			sourceTree = "<group>";
		};
		A7D2E83E244DE50E00953132 = {
			isa = PBXGroup;
			children = (
				853D8EE425BD205900AD1548 /* KaobeiWidgetExtension.entitlements */,
				C45A3A1A25B9363F00F484F1 /* BuildConfigure */,
				A7D2E849244DE50E00953132 /* init.engineer-iOS-App */,
				12C8B0072533750C0072F653 /* KaobeiAPI */,
				12C8B0142533750C0072F653 /* KaobeiAPITests */,
				853D8EDB25BD204B00AD1548 /* KaobeiWidget */,
				A7D2E848244DE50E00953132 /* Products */,
				C6D4AA7D36DF06C8FA96CF7B /* Pods */,
				44F76C77391FABA8FEB885E1 /* Frameworks */,
			);
			sourceTree = "<group>";
		};
		A7D2E848244DE50E00953132 /* Products */ = {
			isa = PBXGroup;
			children = (
				A7D2E847244DE50E00953132 /* 純靠北工程師.app */,
				12C8B0062533750C0072F653 /* KaobeiAPI.framework */,
				12C8B00E2533750C0072F653 /* KaobeiAPITests.xctest */,
				853D8ED625BD204B00AD1548 /* KaobeiWidgetExtension.appex */,
			);
			name = Products;
			sourceTree = "<group>";
		};
		A7D2E849244DE50E00953132 /* init.engineer-iOS-App */ = {
			isa = PBXGroup;
			children = (
				6AE36BD025D44CB6004BDD1D /* Extension */,
				85AB740725B564F300F6238A /* 純靠北工程師.entitlements */,
				A7D2E84A244DE50E00953132 /* AppDelegate.swift */,
				A7D2E84C244DE50E00953132 /* SceneDelegate.swift */,
				C4DCC3E62487F1020061C1BD /* Data Model */,
				C4DCC3E42487F0740061C1BD /* View */,
				C4DCC3E52487F07F0061C1BD /* Controller */,
				85AB736925B359A300F6238A /* Token */,
				A7D2E856244DE50F00953132 /* Assets.xcassets */,
				A7D2E85B244DE50F00953132 /* Info.plist */,
				C4DCC3E92487FFCE0061C1BD /* Fonts */,
				C45A3A4E25B9897300F484F1 /* Constants.swift */,
			);
			path = "init.engineer-iOS-App";
			sourceTree = "<group>";
		};
		C45A3A1A25B9363F00F484F1 /* BuildConfigure */ = {
			isa = PBXGroup;
			children = (
				C45A3A1B25B9363F00F484F1 /* Debug.xcconfig */,
				C45A3A2525B9372E00F484F1 /* Release.xcconfig */,
			);
			path = BuildConfigure;
			sourceTree = "<group>";
		};
		C4DCC3E42487F0740061C1BD /* View */ = {
			isa = PBXGroup;
			children = (
				853D8F8B25C23A2B00AD1548 /* Components */,
				A7D2E858244DE50F00953132 /* LaunchScreen.storyboard */,
				A7D2E850244DE50E00953132 /* Main.storyboard */,
				C4A2247F25C3243300DEB3C5 /* IndexView.storyboard */,
				C4A2246425C30D5000DEB3C5 /* ArticleView.storyboard */,
				6A79BB0425D99A080021F956 /* ArticleDetailView.storyboard */,
				C4A2248525C3246B00DEB3C5 /* ReviewView.storyboard */,
				C4A2247925C3240400DEB3C5 /* PublishView.storyboard */,
				C4A2247325C323C000DEB3C5 /* DashboardView.storyboard */,
				C4A2246A25C321CE00DEB3C5 /* LoginView.storyboard */,
			);
			path = View;
			sourceTree = "<group>";
		};
		C4DCC3E52487F07F0061C1BD /* Controller */ = {
			isa = PBXGroup;
			children = (
				A7D2E84E244DE50E00953132 /* IndexTabController.swift */,
				127FD91A248BAAA4002E9645 /* ArticleTabController.swift */,
				12CA61C8248C1B580020E606 /* ArticleViewController.swift */,
				C45DF73525C43D5100415094 /* ReviewTabController.swift */,
				85BB1BB825D16C7C0016CDCF /* ReviewDetailViewController.swift */,
				127FD91C248BAAC1002E9645 /* PublishTabController.swift */,
				C414D7B925E6BEA80075CF59 /* PreviewArticleController.swift */,
				127FD91E248BAACF002E9645 /* DashboardTabController.swift */,
				12C64453248E129A005A2974 /* LoginController.swift */,
				C48F830D25C8CEB900D98F93 /* KaobeiTabBarController.swift */,
			);
			path = Controller;
			sourceTree = "<group>";
		};
		C4DCC3E62487F1020061C1BD /* Data Model */ = {
			isa = PBXGroup;
			children = (
				A7D2E853244DE50E00953132 /* init_engineer_iOS_App.xcdatamodeld */,
				C48F830025C79A0400D98F93 /* FontManager.swift */,
				C48F830825C8464E00D98F93 /* ThemeManager.swift */,
				6AFEB9FD25E4366000D01166 /* ReviewCellData.swift */,
			);
			path = "Data Model";
			sourceTree = "<group>";
		};
		C4DCC3E92487FFCE0061C1BD /* Fonts */ = {
			isa = PBXGroup;
			children = (
				C4DCC3EA2488041E0061C1BD /* Fixedsys500c.ttf */,
			);
			path = Fonts;
			sourceTree = "<group>";
		};
		C6D4AA7D36DF06C8FA96CF7B /* Pods */ = {
			isa = PBXGroup;
			children = (
				E166187F28AE322B0756B13F /* Pods-KaobeiAPI.debug.xcconfig */,
				CF88C66D71E845756FD1E8EB /* Pods-KaobeiAPI.release.xcconfig */,
				7C6BFC3D83D02672BD8CF349 /* Pods-KaobeiAPITests.debug.xcconfig */,
				663E963A8BEECEF2EE41233B /* Pods-KaobeiAPITests.release.xcconfig */,
				AC004913BF7408C620A953D1 /* Pods-KaobeiWidgetExtension.debug.xcconfig */,
				11F7D87896CC11B1D64EF433 /* Pods-KaobeiWidgetExtension.release.xcconfig */,
				79B5849E905BB7F6DA0B9EE3 /* Pods-init.engineer-iOS-App.debug.xcconfig */,
				4DBAC1F82C85E00ADC5B2A2D /* Pods-init.engineer-iOS-App.release.xcconfig */,
			);
			path = Pods;
			sourceTree = "<group>";
		};
/* End PBXGroup section */

/* Begin PBXHeadersBuildPhase section */
		12C8B0012533750C0072F653 /* Headers */ = {
			isa = PBXHeadersBuildPhase;
			buildActionMask = 2147483647;
			files = (
				12C8B0182533750C0072F653 /* KaobeiAPI.h in Headers */,
			);
			runOnlyForDeploymentPostprocessing = 0;
		};
/* End PBXHeadersBuildPhase section */

/* Begin PBXNativeTarget section */
		12C8B0052533750C0072F653 /* KaobeiAPI */ = {
			isa = PBXNativeTarget;
			buildConfigurationList = 12C8B0222533750C0072F653 /* Build configuration list for PBXNativeTarget "KaobeiAPI" */;
			buildPhases = (
				6372E1F8E31F2F3A86A29357 /* [CP] Check Pods Manifest.lock */,
				12C8B0012533750C0072F653 /* Headers */,
				12C8B0022533750C0072F653 /* Sources */,
				12C8B0032533750C0072F653 /* Frameworks */,
				12C8B0042533750C0072F653 /* Resources */,
			);
			buildRules = (
			);
			dependencies = (
			);
			name = KaobeiAPI;
			productName = KaobeiAPI;
			productReference = 12C8B0062533750C0072F653 /* KaobeiAPI.framework */;
			productType = "com.apple.product-type.framework";
		};
		12C8B00D2533750C0072F653 /* KaobeiAPITests */ = {
			isa = PBXNativeTarget;
			buildConfigurationList = 12C8B0232533750C0072F653 /* Build configuration list for PBXNativeTarget "KaobeiAPITests" */;
			buildPhases = (
				DE4963F84A6B3ED4EE56E689 /* [CP] Check Pods Manifest.lock */,
				12C8B00A2533750C0072F653 /* Sources */,
				12C8B00B2533750C0072F653 /* Frameworks */,
				12C8B00C2533750C0072F653 /* Resources */,
				A25E1B9ABB2808C7D3ADA610 /* [CP] Embed Pods Frameworks */,
			);
			buildRules = (
			);
			dependencies = (
				12C8B0112533750C0072F653 /* PBXTargetDependency */,
				12C8B0132533750C0072F653 /* PBXTargetDependency */,
			);
			name = KaobeiAPITests;
			productName = KaobeiAPITests;
			productReference = 12C8B00E2533750C0072F653 /* KaobeiAPITests.xctest */;
			productType = "com.apple.product-type.bundle.unit-test";
		};
		853D8ED525BD204B00AD1548 /* KaobeiWidgetExtension */ = {
			isa = PBXNativeTarget;
			buildConfigurationList = 853D8EE925BD205900AD1548 /* Build configuration list for PBXNativeTarget "KaobeiWidgetExtension" */;
			buildPhases = (
				F8901AF2FBF2DE35625B900B /* [CP] Check Pods Manifest.lock */,
				853D8ED225BD204B00AD1548 /* Sources */,
				853D8ED325BD204B00AD1548 /* Frameworks */,
				853D8ED425BD204B00AD1548 /* Resources */,
			);
			buildRules = (
			);
			dependencies = (
				6A79BB4525D9B8D10021F956 /* PBXTargetDependency */,
			);
			name = KaobeiWidgetExtension;
			productName = KaobeiWidgetExtension;
			productReference = 853D8ED625BD204B00AD1548 /* KaobeiWidgetExtension.appex */;
			productType = "com.apple.product-type.app-extension";
		};
		A7D2E846244DE50E00953132 /* init.engineer-iOS-App */ = {
			isa = PBXNativeTarget;
			buildConfigurationList = A7D2E85E244DE50F00953132 /* Build configuration list for PBXNativeTarget "init.engineer-iOS-App" */;
			buildPhases = (
				B7CCFC168A7694E423A9CBF2 /* [CP] Check Pods Manifest.lock */,
				A7D2E843244DE50E00953132 /* Sources */,
				A7D2E844244DE50E00953132 /* Frameworks */,
				A7D2E845244DE50E00953132 /* Resources */,
				12C8B01D2533750C0072F653 /* Embed Frameworks */,
				853D8EE525BD205900AD1548 /* Embed App Extensions */,
				749A65F18AB64FC122628528 /* [CP] Embed Pods Frameworks */,
			);
			buildRules = (
			);
			dependencies = (
				12C8B01A2533750C0072F653 /* PBXTargetDependency */,
				853D8EE225BD205600AD1548 /* PBXTargetDependency */,
			);
			name = "init.engineer-iOS-App";
			productName = "init.engineer-iOS-App";
			productReference = A7D2E847244DE50E00953132 /* 純靠北工程師.app */;
			productType = "com.apple.product-type.application";
		};
/* End PBXNativeTarget section */

/* Begin PBXProject section */
		A7D2E83F244DE50E00953132 /* Project object */ = {
			isa = PBXProject;
			attributes = {
				LastSwiftUpdateCheck = 1230;
				LastUpgradeCheck = 1140;
				ORGANIZATIONNAME = "Kantai Developer";
				TargetAttributes = {
					12C8B0052533750C0072F653 = {
						CreatedOnToolsVersion = 12.0.1;
						LastSwiftMigration = 1200;
					};
					12C8B00D2533750C0072F653 = {
						CreatedOnToolsVersion = 12.0.1;
						TestTargetID = A7D2E846244DE50E00953132;
					};
					853D8ED525BD204B00AD1548 = {
						CreatedOnToolsVersion = 12.3;
					};
					A7D2E846244DE50E00953132 = {
						CreatedOnToolsVersion = 11.4;
					};
				};
			};
			buildConfigurationList = A7D2E842244DE50E00953132 /* Build configuration list for PBXProject "init.engineer-iOS-App" */;
			compatibilityVersion = "Xcode 9.3";
			developmentRegion = en;
			hasScannedForEncodings = 0;
			knownRegions = (
				en,
				Base,
			);
			mainGroup = A7D2E83E244DE50E00953132;
			productRefGroup = A7D2E848244DE50E00953132 /* Products */;
			projectDirPath = "";
			projectRoot = "";
			targets = (
				A7D2E846244DE50E00953132 /* init.engineer-iOS-App */,
				12C8B0052533750C0072F653 /* KaobeiAPI */,
				12C8B00D2533750C0072F653 /* KaobeiAPITests */,
				853D8ED525BD204B00AD1548 /* KaobeiWidgetExtension */,
			);
		};
/* End PBXProject section */

/* Begin PBXResourcesBuildPhase section */
		12C8B0042533750C0072F653 /* Resources */ = {
			isa = PBXResourcesBuildPhase;
			buildActionMask = 2147483647;
			files = (
			);
			runOnlyForDeploymentPostprocessing = 0;
		};
		12C8B00C2533750C0072F653 /* Resources */ = {
			isa = PBXResourcesBuildPhase;
			buildActionMask = 2147483647;
			files = (
			);
			runOnlyForDeploymentPostprocessing = 0;
		};
		853D8ED425BD204B00AD1548 /* Resources */ = {
			isa = PBXResourcesBuildPhase;
			buildActionMask = 2147483647;
			files = (
				853D8EDF25BD205600AD1548 /* Assets.xcassets in Resources */,
				853D8F0B25BD528600AD1548 /* Fixedsys500c.ttf in Resources */,
			);
			runOnlyForDeploymentPostprocessing = 0;
		};
		A7D2E845244DE50E00953132 /* Resources */ = {
			isa = PBXResourcesBuildPhase;
			buildActionMask = 2147483647;
			files = (
				C4A2248125C3243300DEB3C5 /* IndexView.storyboard in Resources */,
				C4A2246625C30D5000DEB3C5 /* ArticleView.storyboard in Resources */,
				A7D2E85A244DE50F00953132 /* LaunchScreen.storyboard in Resources */,
				C48F826B25C54F2200D98F93 /* IndexButtonCell.xib in Resources */,
				C4A2247B25C3240400DEB3C5 /* PublishView.storyboard in Resources */,
				C4A2247525C323C000DEB3C5 /* DashboardView.storyboard in Resources */,
				C4A2248725C3246B00DEB3C5 /* ReviewView.storyboard in Resources */,
				6A79BB0525D99A080021F956 /* ArticleDetailView.storyboard in Resources */,
				A7D2E857244DE50F00953132 /* Assets.xcassets in Resources */,
				A7D2E852244DE50E00953132 /* Main.storyboard in Resources */,
				C4A2246C25C321CE00DEB3C5 /* LoginView.storyboard in Resources */,
				C45A3A1C25B9363F00F484F1 /* Debug.xcconfig in Resources */,
				C4DCC3EB2488041E0061C1BD /* Fixedsys500c.ttf in Resources */,
			);
			runOnlyForDeploymentPostprocessing = 0;
		};
/* End PBXResourcesBuildPhase section */

/* Begin PBXShellScriptBuildPhase section */
		6372E1F8E31F2F3A86A29357 /* [CP] Check Pods Manifest.lock */ = {
			isa = PBXShellScriptBuildPhase;
			buildActionMask = 2147483647;
			files = (
			);
			inputFileListPaths = (
			);
			inputPaths = (
				"${PODS_PODFILE_DIR_PATH}/Podfile.lock",
				"${PODS_ROOT}/Manifest.lock",
			);
			name = "[CP] Check Pods Manifest.lock";
			outputFileListPaths = (
			);
			outputPaths = (
				"$(DERIVED_FILE_DIR)/Pods-KaobeiAPI-checkManifestLockResult.txt",
			);
			runOnlyForDeploymentPostprocessing = 0;
			shellPath = /bin/sh;
			shellScript = "diff \"${PODS_PODFILE_DIR_PATH}/Podfile.lock\" \"${PODS_ROOT}/Manifest.lock\" > /dev/null\nif [ $? != 0 ] ; then\n    # print error to STDERR\n    echo \"error: The sandbox is not in sync with the Podfile.lock. Run 'pod install' or update your CocoaPods installation.\" >&2\n    exit 1\nfi\n# This output is used by Xcode 'outputs' to avoid re-running this script phase.\necho \"SUCCESS\" > \"${SCRIPT_OUTPUT_FILE_0}\"\n";
			showEnvVarsInLog = 0;
		};
		749A65F18AB64FC122628528 /* [CP] Embed Pods Frameworks */ = {
			isa = PBXShellScriptBuildPhase;
			buildActionMask = 2147483647;
			files = (
			);
			inputFileListPaths = (
				"${PODS_ROOT}/Target Support Files/Pods-init.engineer-iOS-App/Pods-init.engineer-iOS-App-frameworks-${CONFIGURATION}-input-files.xcfilelist",
			);
			name = "[CP] Embed Pods Frameworks";
			outputFileListPaths = (
				"${PODS_ROOT}/Target Support Files/Pods-init.engineer-iOS-App/Pods-init.engineer-iOS-App-frameworks-${CONFIGURATION}-output-files.xcfilelist",
			);
			runOnlyForDeploymentPostprocessing = 0;
			shellPath = /bin/sh;
			shellScript = "\"${PODS_ROOT}/Target Support Files/Pods-init.engineer-iOS-App/Pods-init.engineer-iOS-App-frameworks.sh\"\n";
			showEnvVarsInLog = 0;
		};
		A25E1B9ABB2808C7D3ADA610 /* [CP] Embed Pods Frameworks */ = {
			isa = PBXShellScriptBuildPhase;
			buildActionMask = 2147483647;
			files = (
			);
			inputFileListPaths = (
				"${PODS_ROOT}/Target Support Files/Pods-KaobeiAPITests/Pods-KaobeiAPITests-frameworks-${CONFIGURATION}-input-files.xcfilelist",
			);
			name = "[CP] Embed Pods Frameworks";
			outputFileListPaths = (
				"${PODS_ROOT}/Target Support Files/Pods-KaobeiAPITests/Pods-KaobeiAPITests-frameworks-${CONFIGURATION}-output-files.xcfilelist",
			);
			runOnlyForDeploymentPostprocessing = 0;
			shellPath = /bin/sh;
			shellScript = "\"${PODS_ROOT}/Target Support Files/Pods-KaobeiAPITests/Pods-KaobeiAPITests-frameworks.sh\"\n";
			showEnvVarsInLog = 0;
		};
		B7CCFC168A7694E423A9CBF2 /* [CP] Check Pods Manifest.lock */ = {
			isa = PBXShellScriptBuildPhase;
			buildActionMask = 2147483647;
			files = (
			);
			inputFileListPaths = (
			);
			inputPaths = (
				"${PODS_PODFILE_DIR_PATH}/Podfile.lock",
				"${PODS_ROOT}/Manifest.lock",
			);
			name = "[CP] Check Pods Manifest.lock";
			outputFileListPaths = (
			);
			outputPaths = (
				"$(DERIVED_FILE_DIR)/Pods-init.engineer-iOS-App-checkManifestLockResult.txt",
			);
			runOnlyForDeploymentPostprocessing = 0;
			shellPath = /bin/sh;
			shellScript = "diff \"${PODS_PODFILE_DIR_PATH}/Podfile.lock\" \"${PODS_ROOT}/Manifest.lock\" > /dev/null\nif [ $? != 0 ] ; then\n    # print error to STDERR\n    echo \"error: The sandbox is not in sync with the Podfile.lock. Run 'pod install' or update your CocoaPods installation.\" >&2\n    exit 1\nfi\n# This output is used by Xcode 'outputs' to avoid re-running this script phase.\necho \"SUCCESS\" > \"${SCRIPT_OUTPUT_FILE_0}\"\n";
			showEnvVarsInLog = 0;
		};
		DE4963F84A6B3ED4EE56E689 /* [CP] Check Pods Manifest.lock */ = {
			isa = PBXShellScriptBuildPhase;
			buildActionMask = 2147483647;
			files = (
			);
			inputFileListPaths = (
			);
			inputPaths = (
				"${PODS_PODFILE_DIR_PATH}/Podfile.lock",
				"${PODS_ROOT}/Manifest.lock",
			);
			name = "[CP] Check Pods Manifest.lock";
			outputFileListPaths = (
			);
			outputPaths = (
				"$(DERIVED_FILE_DIR)/Pods-KaobeiAPITests-checkManifestLockResult.txt",
			);
			runOnlyForDeploymentPostprocessing = 0;
			shellPath = /bin/sh;
			shellScript = "diff \"${PODS_PODFILE_DIR_PATH}/Podfile.lock\" \"${PODS_ROOT}/Manifest.lock\" > /dev/null\nif [ $? != 0 ] ; then\n    # print error to STDERR\n    echo \"error: The sandbox is not in sync with the Podfile.lock. Run 'pod install' or update your CocoaPods installation.\" >&2\n    exit 1\nfi\n# This output is used by Xcode 'outputs' to avoid re-running this script phase.\necho \"SUCCESS\" > \"${SCRIPT_OUTPUT_FILE_0}\"\n";
			showEnvVarsInLog = 0;
		};
		F8901AF2FBF2DE35625B900B /* [CP] Check Pods Manifest.lock */ = {
			isa = PBXShellScriptBuildPhase;
			buildActionMask = 2147483647;
			files = (
			);
			inputFileListPaths = (
			);
			inputPaths = (
				"${PODS_PODFILE_DIR_PATH}/Podfile.lock",
				"${PODS_ROOT}/Manifest.lock",
			);
			name = "[CP] Check Pods Manifest.lock";
			outputFileListPaths = (
			);
			outputPaths = (
				"$(DERIVED_FILE_DIR)/Pods-KaobeiWidgetExtension-checkManifestLockResult.txt",
			);
			runOnlyForDeploymentPostprocessing = 0;
			shellPath = /bin/sh;
			shellScript = "diff \"${PODS_PODFILE_DIR_PATH}/Podfile.lock\" \"${PODS_ROOT}/Manifest.lock\" > /dev/null\nif [ $? != 0 ] ; then\n    # print error to STDERR\n    echo \"error: The sandbox is not in sync with the Podfile.lock. Run 'pod install' or update your CocoaPods installation.\" >&2\n    exit 1\nfi\n# This output is used by Xcode 'outputs' to avoid re-running this script phase.\necho \"SUCCESS\" > \"${SCRIPT_OUTPUT_FILE_0}\"\n";
			showEnvVarsInLog = 0;
		};
/* End PBXShellScriptBuildPhase section */

/* Begin PBXSourcesBuildPhase section */
		12C8B0022533750C0072F653 /* Sources */ = {
			isa = PBXSourcesBuildPhase;
			buildActionMask = 2147483647;
			files = (
				85AB745525B7611100F6238A /* KBArticleReviewList.swift in Sources */,
				85AB735D25B2003400F6238A /* KBArticleComments.swift in Sources */,
				85AB743525B7609000F6238A /* KBGetArticleReviewList.swift in Sources */,
				85AB744125B760C600F6238A /* KBUserProfile.swift in Sources */,
				85A6C3C725AC918B00544802 /* KaobeiURL.swift in Sources */,
				85AB742925B7605800F6238A /* KBPostUserPublishing.swift in Sources */,
				85AB744525B760D500F6238A /* KBUserPosts.swift in Sources */,
				85AB734625B1F4E400F6238A /* KBGetArticleDetail.swift in Sources */,
				85AB734E25B1FE6200F6238A /* KBGetArticleStats.swift in Sources */,
				85C012C9253E7E4100CEA9DF /* KaobeiRequestProtocol.swift in Sources */,
				85AB734A25B1F4ED00F6238A /* KBArticleDetail.swift in Sources */,
				85AB746125B762D500F6238A /* KBCommonTypes.swift in Sources */,
				85C012CC253E9A2200CEA9DF /* KBArticleList.swift in Sources */,
				85AB735625B2002500F6238A /* KBGetArticleComments.swift in Sources */,
				85AB744925B760E700F6238A /* KBUserPublishing.swift in Sources */,
				85AB743925B760A100F6238A /* KBGetArticleVoteAye.swift in Sources */,
				85AB742525B7604900F6238A /* KBGetUserPosts.swift in Sources */,
				85AB745925B7611D00F6238A /* KBArticleVoteAye.swift in Sources */,
				85C012CF253F25D900CEA9DF /* KBGetArticleList.swift in Sources */,
				85AB735225B1FE6E00F6238A /* KBArticleStats.swift in Sources */,
				85AB743D25B760B100F6238A /* KBGetArticleVoteNay.swift in Sources */,
				85AB742125B7603100F6238A /* KBGetUserProfile.swift in Sources */,
				85AB745D25B7612900F6238A /* KBArticleVoteNay.swift in Sources */,
				12C8B027253375430072F653 /* KaobeiConnection.swift in Sources */,
			);
			runOnlyForDeploymentPostprocessing = 0;
		};
		12C8B00A2533750C0072F653 /* Sources */ = {
			isa = PBXSourcesBuildPhase;
			buildActionMask = 2147483647;
			files = (
				12C8B0162533750C0072F653 /* KaobeiAPITests.swift in Sources */,
				DCDF250525F7DB3000B9137A /* Constants.swift in Sources */,
			);
			runOnlyForDeploymentPostprocessing = 0;
		};
		853D8ED225BD204B00AD1548 /* Sources */ = {
			isa = PBXSourcesBuildPhase;
			buildActionMask = 2147483647;
			files = (
				853D8EDD25BD204B00AD1548 /* KaobeiWidget.swift in Sources */,
			);
			runOnlyForDeploymentPostprocessing = 0;
		};
		A7D2E843244DE50E00953132 /* Sources */ = {
			isa = PBXSourcesBuildPhase;
			buildActionMask = 2147483647;
			files = (
				853D8F9F25C2715F00AD1548 /* UIConstants.swift in Sources */,
				A7D2E855244DE50E00953132 /* init_engineer_iOS_App.xcdatamodeld in Sources */,
				C4A72FB725D821E300327B0E /* ArticleCommentCell.swift in Sources */,
				85BB1BB925D16C7C0016CDCF /* ReviewDetailViewController.swift in Sources */,
				C45A3A4F25B9897300F484F1 /* Constants.swift in Sources */,
				C45DF73625C43D5100415094 /* ReviewTabController.swift in Sources */,
				C4A72FCB25D84A1600327B0E /* ProfileCell.swift in Sources */,
				C48F826625C54F0200D98F93 /* IndexButtonCell.swift in Sources */,
				12CA61C9248C1B580020E606 /* ArticleViewController.swift in Sources */,
				127FD91D248BAAC1002E9645 /* PublishTabController.swift in Sources */,
				127FD91B248BAAA4002E9645 /* ArticleTabController.swift in Sources */,
				C414D7BA25E6BEA90075CF59 /* PreviewArticleController.swift in Sources */,
				6AFEB9FE25E4366000D01166 /* ReviewCellData.swift in Sources */,
				C46476E525F288A100C9F8DD /* UIColorEx.swift in Sources */,
				DC41933B260609EE006E38F8 /* KBInteractiveLinkLabel.swift in Sources */,
				DC502755260CC48400B3D5A4 /* KBInteractiveLinkTextView.swift in Sources */,
				6AB6C09725C73304006662F8 /* TableViewTitle.swift in Sources */,
				6AB6C09225C73271006662F8 /* TableViewGap.swift in Sources */,
				12C64454248E129A005A2974 /* LoginController.swift in Sources */,
				A7D2E84F244DE50E00953132 /* IndexTabController.swift in Sources */,
				C48F830925C8464E00D98F93 /* ThemeManager.swift in Sources */,
				A7D2E84B244DE50E00953132 /* AppDelegate.swift in Sources */,
				853D8F9A25C23C4000AD1548 /* ArticleCell.swift in Sources */,
				85AB736B25B359C400F6238A /* KeyChainManager.swift in Sources */,
				127FD91F248BAACF002E9645 /* DashboardTabController.swift in Sources */,
				C48F830125C79A0400D98F93 /* FontManager.swift in Sources */,
				C48F830E25C8CEBA00D98F93 /* KaobeiTabBarController.swift in Sources */,
				6AE36BE125D44D12004BDD1D /* StringEx.swift in Sources */,
				6A79BA6725D597410021F956 /* ReviewCell.swift in Sources */,
				A7D2E84D244DE50E00953132 /* SceneDelegate.swift in Sources */,
				6AE36BD325D44CDF004BDD1D /* NVActivityIndicatorEx.swift in Sources */,
			);
			runOnlyForDeploymentPostprocessing = 0;
		};
/* End PBXSourcesBuildPhase section */

/* Begin PBXTargetDependency section */
		12C8B0112533750C0072F653 /* PBXTargetDependency */ = {
			isa = PBXTargetDependency;
			target = 12C8B0052533750C0072F653 /* KaobeiAPI */;
			targetProxy = 12C8B0102533750C0072F653 /* PBXContainerItemProxy */;
		};
		12C8B0132533750C0072F653 /* PBXTargetDependency */ = {
			isa = PBXTargetDependency;
			target = A7D2E846244DE50E00953132 /* init.engineer-iOS-App */;
			targetProxy = 12C8B0122533750C0072F653 /* PBXContainerItemProxy */;
		};
		12C8B01A2533750C0072F653 /* PBXTargetDependency */ = {
			isa = PBXTargetDependency;
			target = 12C8B0052533750C0072F653 /* KaobeiAPI */;
			targetProxy = 12C8B0192533750C0072F653 /* PBXContainerItemProxy */;
		};
		6A79BB4525D9B8D10021F956 /* PBXTargetDependency */ = {
			isa = PBXTargetDependency;
			target = 12C8B0052533750C0072F653 /* KaobeiAPI */;
			targetProxy = 6A79BB4425D9B8D10021F956 /* PBXContainerItemProxy */;
		};
		853D8EE225BD205600AD1548 /* PBXTargetDependency */ = {
			isa = PBXTargetDependency;
			target = 853D8ED525BD204B00AD1548 /* KaobeiWidgetExtension */;
			targetProxy = 853D8EE125BD205600AD1548 /* PBXContainerItemProxy */;
		};
/* End PBXTargetDependency section */

/* Begin PBXVariantGroup section */
		A7D2E850244DE50E00953132 /* Main.storyboard */ = {
			isa = PBXVariantGroup;
			children = (
				A7D2E851244DE50E00953132 /* Base */,
			);
			name = Main.storyboard;
			sourceTree = "<group>";
		};
		A7D2E858244DE50F00953132 /* LaunchScreen.storyboard */ = {
			isa = PBXVariantGroup;
			children = (
				A7D2E859244DE50F00953132 /* Base */,
			);
			name = LaunchScreen.storyboard;
			sourceTree = "<group>";
		};
		C4A2246425C30D5000DEB3C5 /* ArticleView.storyboard */ = {
			isa = PBXVariantGroup;
			children = (
				C4A2246525C30D5000DEB3C5 /* Base */,
			);
			name = ArticleView.storyboard;
			sourceTree = "<group>";
		};
		C4A2246A25C321CE00DEB3C5 /* LoginView.storyboard */ = {
			isa = PBXVariantGroup;
			children = (
				C4A2246B25C321CE00DEB3C5 /* Base */,
			);
			name = LoginView.storyboard;
			sourceTree = "<group>";
		};
		C4A2247325C323C000DEB3C5 /* DashboardView.storyboard */ = {
			isa = PBXVariantGroup;
			children = (
				C4A2247425C323C000DEB3C5 /* Base */,
			);
			name = DashboardView.storyboard;
			sourceTree = "<group>";
		};
		C4A2247925C3240400DEB3C5 /* PublishView.storyboard */ = {
			isa = PBXVariantGroup;
			children = (
				C4A2247A25C3240400DEB3C5 /* Base */,
			);
			name = PublishView.storyboard;
			sourceTree = "<group>";
		};
		C4A2247F25C3243300DEB3C5 /* IndexView.storyboard */ = {
			isa = PBXVariantGroup;
			children = (
				C4A2248025C3243300DEB3C5 /* Base */,
			);
			name = IndexView.storyboard;
			sourceTree = "<group>";
		};
		C4A2248525C3246B00DEB3C5 /* ReviewView.storyboard */ = {
			isa = PBXVariantGroup;
			children = (
				C4A2248625C3246B00DEB3C5 /* Base */,
			);
			name = ReviewView.storyboard;
			sourceTree = "<group>";
		};
/* End PBXVariantGroup section */

/* Begin XCBuildConfiguration section */
		12C8B01E2533750C0072F653 /* Debug */ = {
			isa = XCBuildConfiguration;
			baseConfigurationReference = E166187F28AE322B0756B13F /* Pods-KaobeiAPI.debug.xcconfig */;
			buildSettings = {
				APPLICATION_EXTENSION_API_ONLY = YES;
				CLANG_ENABLE_MODULES = YES;
				CLANG_WARN_QUOTED_INCLUDE_IN_FRAMEWORK_HEADER = YES;
				"CODE_SIGN_IDENTITY[sdk=macosx*]" = "Apple Development";
				CODE_SIGN_STYLE = Automatic;
				CURRENT_PROJECT_VERSION = 11;
				DEFINES_MODULE = YES;
				DEVELOPMENT_TEAM = H8HQMGH8V7;
				DYLIB_COMPATIBILITY_VERSION = 1;
				DYLIB_CURRENT_VERSION = 1;
				DYLIB_INSTALL_NAME_BASE = "@rpath";
				INFOPLIST_FILE = KaobeiAPI/Info.plist;
				INSTALL_PATH = "$(LOCAL_LIBRARY_DIR)/Frameworks";
				IPHONEOS_DEPLOYMENT_TARGET = 13.0;
				LD_RUNPATH_SEARCH_PATHS = (
					"$(inherited)",
					"@executable_path/Frameworks",
					"@loader_path/Frameworks",
				);
				MARKETING_VERSION = 1.0.0;
				PRODUCT_BUNDLE_IDENTIFIER = horo.KaobeiAPI;
				PRODUCT_NAME = "$(TARGET_NAME:c99extidentifier)";
				SKIP_INSTALL = YES;
				SWIFT_OPTIMIZATION_LEVEL = "-Onone";
				SWIFT_VERSION = 5.0;
				TARGETED_DEVICE_FAMILY = "1,2";
				VERSIONING_SYSTEM = "apple-generic";
				VERSION_INFO_PREFIX = "";
			};
			name = Debug;
		};
		12C8B01F2533750C0072F653 /* Release */ = {
			isa = XCBuildConfiguration;
			baseConfigurationReference = CF88C66D71E845756FD1E8EB /* Pods-KaobeiAPI.release.xcconfig */;
			buildSettings = {
				APPLICATION_EXTENSION_API_ONLY = YES;
				CLANG_ENABLE_MODULES = YES;
				CLANG_WARN_QUOTED_INCLUDE_IN_FRAMEWORK_HEADER = YES;
				CODE_SIGN_STYLE = Automatic;
				CURRENT_PROJECT_VERSION = 11;
				DEFINES_MODULE = YES;
				DEVELOPMENT_TEAM = H8HQMGH8V7;
				DYLIB_COMPATIBILITY_VERSION = 1;
				DYLIB_CURRENT_VERSION = 1;
				DYLIB_INSTALL_NAME_BASE = "@rpath";
				ENABLE_TESTABILITY = NO;
				INFOPLIST_FILE = KaobeiAPI/Info.plist;
				INSTALL_PATH = "$(LOCAL_LIBRARY_DIR)/Frameworks";
				IPHONEOS_DEPLOYMENT_TARGET = 13.0;
				LD_RUNPATH_SEARCH_PATHS = (
					"$(inherited)",
					"@executable_path/Frameworks",
					"@loader_path/Frameworks",
				);
				MARKETING_VERSION = 1.0.0;
				PRODUCT_BUNDLE_IDENTIFIER = horo.KaobeiAPI;
				PRODUCT_NAME = "$(TARGET_NAME:c99extidentifier)";
				SKIP_INSTALL = YES;
				SWIFT_VERSION = 5.0;
				TARGETED_DEVICE_FAMILY = "1,2";
				VERSIONING_SYSTEM = "apple-generic";
				VERSION_INFO_PREFIX = "";
			};
			name = Release;
		};
		12C8B0202533750C0072F653 /* Debug */ = {
			isa = XCBuildConfiguration;
			baseConfigurationReference = 7C6BFC3D83D02672BD8CF349 /* Pods-KaobeiAPITests.debug.xcconfig */;
			buildSettings = {
				ALWAYS_EMBED_SWIFT_STANDARD_LIBRARIES = YES;
				CLANG_WARN_QUOTED_INCLUDE_IN_FRAMEWORK_HEADER = YES;
				CODE_SIGN_STYLE = Automatic;
				DEVELOPMENT_TEAM = E27MCP7UYM;
				INFOPLIST_FILE = KaobeiAPITests/Info.plist;
				IPHONEOS_DEPLOYMENT_TARGET = 14.0;
				LD_RUNPATH_SEARCH_PATHS = (
					"$(inherited)",
					"@executable_path/Frameworks",
					"@loader_path/Frameworks",
				);
				PRODUCT_BUNDLE_IDENTIFIER = horo.KaobeiAPITests;
				PRODUCT_NAME = "$(TARGET_NAME)";
				SWIFT_VERSION = 5.0;
				TARGETED_DEVICE_FAMILY = "1,2";
				TEST_HOST = "$(BUILT_PRODUCTS_DIR)/純靠北工程師.app/純靠北工程師";
			};
			name = Debug;
		};
		12C8B0212533750C0072F653 /* Release */ = {
			isa = XCBuildConfiguration;
			baseConfigurationReference = 663E963A8BEECEF2EE41233B /* Pods-KaobeiAPITests.release.xcconfig */;
			buildSettings = {
				ALWAYS_EMBED_SWIFT_STANDARD_LIBRARIES = YES;
				CLANG_WARN_QUOTED_INCLUDE_IN_FRAMEWORK_HEADER = YES;
				CODE_SIGN_STYLE = Automatic;
				DEVELOPMENT_TEAM = E27MCP7UYM;
				INFOPLIST_FILE = KaobeiAPITests/Info.plist;
				IPHONEOS_DEPLOYMENT_TARGET = 14.0;
				LD_RUNPATH_SEARCH_PATHS = (
					"$(inherited)",
					"@executable_path/Frameworks",
					"@loader_path/Frameworks",
				);
				PRODUCT_BUNDLE_IDENTIFIER = horo.KaobeiAPITests;
				PRODUCT_NAME = "$(TARGET_NAME)";
				SWIFT_VERSION = 5.0;
				TARGETED_DEVICE_FAMILY = "1,2";
				TEST_HOST = "$(BUILT_PRODUCTS_DIR)/純靠北工程師.app/純靠北工程師";
			};
			name = Release;
		};
		853D8EE625BD205900AD1548 /* Debug */ = {
			isa = XCBuildConfiguration;
			baseConfigurationReference = AC004913BF7408C620A953D1 /* Pods-KaobeiWidgetExtension.debug.xcconfig */;
			buildSettings = {
				ASSETCATALOG_COMPILER_GLOBAL_ACCENT_COLOR_NAME = AccentColor;
				ASSETCATALOG_COMPILER_WIDGET_BACKGROUND_COLOR_NAME = WidgetBackground;
				CLANG_WARN_QUOTED_INCLUDE_IN_FRAMEWORK_HEADER = YES;
				CODE_SIGN_ENTITLEMENTS = KaobeiWidgetExtension.entitlements;
				CODE_SIGN_IDENTITY = "Apple Development";
				"CODE_SIGN_IDENTITY[sdk=macosx*]" = "Apple Development";
				CODE_SIGN_STYLE = Manual;
				CURRENT_PROJECT_VERSION = 11;
				DEVELOPMENT_TEAM = H8HQMGH8V7;
				INFOPLIST_FILE = KaobeiWidget/Info.plist;
				IPHONEOS_DEPLOYMENT_TARGET = 14.0;
				LD_RUNPATH_SEARCH_PATHS = (
					"$(inherited)",
					"@executable_path/Frameworks",
					"@executable_path/../../Frameworks",
				);
				MARKETING_VERSION = 1.0.0;
				PRODUCT_BUNDLE_IDENTIFIER = "horo.init-engineer.KaobeiWidget";
				PRODUCT_NAME = "$(TARGET_NAME)";
				PROVISIONING_PROFILE_SPECIFIER = "Kaobei Widget Development";
				"PROVISIONING_PROFILE_SPECIFIER[sdk=macosx*]" = "";
				SKIP_INSTALL = YES;
				SUPPORTS_MACCATALYST = YES;
				SWIFT_VERSION = 5.0;
				TARGETED_DEVICE_FAMILY = "1,2";
			};
			name = Debug;
		};
		853D8EE725BD205900AD1548 /* Release */ = {
			isa = XCBuildConfiguration;
			baseConfigurationReference = 11F7D87896CC11B1D64EF433 /* Pods-KaobeiWidgetExtension.release.xcconfig */;
			buildSettings = {
				ASSETCATALOG_COMPILER_GLOBAL_ACCENT_COLOR_NAME = AccentColor;
				ASSETCATALOG_COMPILER_WIDGET_BACKGROUND_COLOR_NAME = WidgetBackground;
				CLANG_WARN_QUOTED_INCLUDE_IN_FRAMEWORK_HEADER = YES;
				CODE_SIGN_ENTITLEMENTS = KaobeiWidgetExtension.entitlements;
				CODE_SIGN_IDENTITY = "Apple Distribution";
				"CODE_SIGN_IDENTITY[sdk=macosx*]" = "Apple Distribution";
				CODE_SIGN_STYLE = Manual;
				CURRENT_PROJECT_VERSION = 11;
				DEVELOPMENT_TEAM = H8HQMGH8V7;
				INFOPLIST_FILE = KaobeiWidget/Info.plist;
				IPHONEOS_DEPLOYMENT_TARGET = 14.0;
				LD_RUNPATH_SEARCH_PATHS = (
					"$(inherited)",
					"@executable_path/Frameworks",
					"@executable_path/../../Frameworks",
				);
				MARKETING_VERSION = 1.0.0;
				PRODUCT_BUNDLE_IDENTIFIER = "horo.init-engineer.KaobeiWidget";
				PRODUCT_NAME = "$(TARGET_NAME)";
				PROVISIONING_PROFILE_SPECIFIER = "Kaobei Widget Distribution";
				"PROVISIONING_PROFILE_SPECIFIER[sdk=macosx*]" = "";
				SKIP_INSTALL = YES;
				SUPPORTS_MACCATALYST = YES;
				SWIFT_VERSION = 5.0;
				TARGETED_DEVICE_FAMILY = "1,2";
			};
			name = Release;
		};
		A7D2E85C244DE50F00953132 /* Debug */ = {
			isa = XCBuildConfiguration;
			baseConfigurationReference = C45A3A1B25B9363F00F484F1 /* Debug.xcconfig */;
			buildSettings = {
				ALWAYS_SEARCH_USER_PATHS = NO;
				CLANG_ANALYZER_NONNULL = YES;
				CLANG_ANALYZER_NUMBER_OBJECT_CONVERSION = YES_AGGRESSIVE;
				CLANG_CXX_LANGUAGE_STANDARD = "gnu++14";
				CLANG_CXX_LIBRARY = "libc++";
				CLANG_ENABLE_MODULES = YES;
				CLANG_ENABLE_OBJC_ARC = YES;
				CLANG_ENABLE_OBJC_WEAK = YES;
				CLANG_WARN_BLOCK_CAPTURE_AUTORELEASING = YES;
				CLANG_WARN_BOOL_CONVERSION = YES;
				CLANG_WARN_COMMA = YES;
				CLANG_WARN_CONSTANT_CONVERSION = YES;
				CLANG_WARN_DEPRECATED_OBJC_IMPLEMENTATIONS = YES;
				CLANG_WARN_DIRECT_OBJC_ISA_USAGE = YES_ERROR;
				CLANG_WARN_DOCUMENTATION_COMMENTS = YES;
				CLANG_WARN_EMPTY_BODY = YES;
				CLANG_WARN_ENUM_CONVERSION = YES;
				CLANG_WARN_INFINITE_RECURSION = YES;
				CLANG_WARN_INT_CONVERSION = YES;
				CLANG_WARN_NON_LITERAL_NULL_CONVERSION = YES;
				CLANG_WARN_OBJC_IMPLICIT_RETAIN_SELF = YES;
				CLANG_WARN_OBJC_LITERAL_CONVERSION = YES;
				CLANG_WARN_OBJC_ROOT_CLASS = YES_ERROR;
				CLANG_WARN_RANGE_LOOP_ANALYSIS = YES;
				CLANG_WARN_STRICT_PROTOTYPES = YES;
				CLANG_WARN_SUSPICIOUS_MOVE = YES;
				CLANG_WARN_UNGUARDED_AVAILABILITY = YES_AGGRESSIVE;
				CLANG_WARN_UNREACHABLE_CODE = YES;
				CLANG_WARN__DUPLICATE_METHOD_MATCH = YES;
				COPY_PHASE_STRIP = NO;
				DEBUG_INFORMATION_FORMAT = dwarf;
				ENABLE_STRICT_OBJC_MSGSEND = YES;
				ENABLE_TESTABILITY = YES;
				GCC_C_LANGUAGE_STANDARD = gnu11;
				GCC_DYNAMIC_NO_PIC = NO;
				GCC_NO_COMMON_BLOCKS = YES;
				GCC_OPTIMIZATION_LEVEL = 0;
				GCC_PREPROCESSOR_DEFINITIONS = (
					"DEBUG=1",
					"$(inherited)",
				);
				GCC_WARN_64_TO_32_BIT_CONVERSION = YES;
				GCC_WARN_ABOUT_RETURN_TYPE = YES_ERROR;
				GCC_WARN_UNDECLARED_SELECTOR = YES;
				GCC_WARN_UNINITIALIZED_AUTOS = YES_AGGRESSIVE;
				GCC_WARN_UNUSED_FUNCTION = YES;
				GCC_WARN_UNUSED_VARIABLE = YES;
				IPHONEOS_DEPLOYMENT_TARGET = 13.0;
				MTL_ENABLE_DEBUG_INFO = INCLUDE_SOURCE;
				MTL_FAST_MATH = YES;
				ONLY_ACTIVE_ARCH = YES;
				SDKROOT = iphoneos;
				SWIFT_ACTIVE_COMPILATION_CONDITIONS = DEBUG;
				SWIFT_OPTIMIZATION_LEVEL = "-Onone";
			};
			name = Debug;
		};
		A7D2E85D244DE50F00953132 /* Release */ = {
			isa = XCBuildConfiguration;
			baseConfigurationReference = C45A3A2525B9372E00F484F1 /* Release.xcconfig */;
			buildSettings = {
				ALWAYS_SEARCH_USER_PATHS = NO;
				CLANG_ANALYZER_NONNULL = YES;
				CLANG_ANALYZER_NUMBER_OBJECT_CONVERSION = YES_AGGRESSIVE;
				CLANG_CXX_LANGUAGE_STANDARD = "gnu++14";
				CLANG_CXX_LIBRARY = "libc++";
				CLANG_ENABLE_MODULES = YES;
				CLANG_ENABLE_OBJC_ARC = YES;
				CLANG_ENABLE_OBJC_WEAK = YES;
				CLANG_WARN_BLOCK_CAPTURE_AUTORELEASING = YES;
				CLANG_WARN_BOOL_CONVERSION = YES;
				CLANG_WARN_COMMA = YES;
				CLANG_WARN_CONSTANT_CONVERSION = YES;
				CLANG_WARN_DEPRECATED_OBJC_IMPLEMENTATIONS = YES;
				CLANG_WARN_DIRECT_OBJC_ISA_USAGE = YES_ERROR;
				CLANG_WARN_DOCUMENTATION_COMMENTS = YES;
				CLANG_WARN_EMPTY_BODY = YES;
				CLANG_WARN_ENUM_CONVERSION = YES;
				CLANG_WARN_INFINITE_RECURSION = YES;
				CLANG_WARN_INT_CONVERSION = YES;
				CLANG_WARN_NON_LITERAL_NULL_CONVERSION = YES;
				CLANG_WARN_OBJC_IMPLICIT_RETAIN_SELF = YES;
				CLANG_WARN_OBJC_LITERAL_CONVERSION = YES;
				CLANG_WARN_OBJC_ROOT_CLASS = YES_ERROR;
				CLANG_WARN_RANGE_LOOP_ANALYSIS = YES;
				CLANG_WARN_STRICT_PROTOTYPES = YES;
				CLANG_WARN_SUSPICIOUS_MOVE = YES;
				CLANG_WARN_UNGUARDED_AVAILABILITY = YES_AGGRESSIVE;
				CLANG_WARN_UNREACHABLE_CODE = YES;
				CLANG_WARN__DUPLICATE_METHOD_MATCH = YES;
				COPY_PHASE_STRIP = NO;
				DEBUG_INFORMATION_FORMAT = "dwarf-with-dsym";
				ENABLE_NS_ASSERTIONS = NO;
				ENABLE_STRICT_OBJC_MSGSEND = YES;
				GCC_C_LANGUAGE_STANDARD = gnu11;
				GCC_NO_COMMON_BLOCKS = YES;
				GCC_WARN_64_TO_32_BIT_CONVERSION = YES;
				GCC_WARN_ABOUT_RETURN_TYPE = YES_ERROR;
				GCC_WARN_UNDECLARED_SELECTOR = YES;
				GCC_WARN_UNINITIALIZED_AUTOS = YES_AGGRESSIVE;
				GCC_WARN_UNUSED_FUNCTION = YES;
				GCC_WARN_UNUSED_VARIABLE = YES;
				IPHONEOS_DEPLOYMENT_TARGET = 13.0;
				MTL_ENABLE_DEBUG_INFO = NO;
				MTL_FAST_MATH = YES;
				SDKROOT = iphoneos;
				SWIFT_COMPILATION_MODE = wholemodule;
				SWIFT_OPTIMIZATION_LEVEL = "-O";
				VALIDATE_PRODUCT = YES;
			};
			name = Release;
		};
		A7D2E85F244DE50F00953132 /* Debug */ = {
			isa = XCBuildConfiguration;
			baseConfigurationReference = 79B5849E905BB7F6DA0B9EE3 /* Pods-init.engineer-iOS-App.debug.xcconfig */;
			buildSettings = {
				ALWAYS_EMBED_SWIFT_STANDARD_LIBRARIES = YES;
				ASSETCATALOG_COMPILER_APPICON_NAME = AppIcon;
				CODE_SIGN_ENTITLEMENTS = "init.engineer-iOS-App/純靠北工程師.entitlements";
				CODE_SIGN_IDENTITY = "iPhone Developer";
				"CODE_SIGN_IDENTITY[sdk=macosx*]" = "Apple Development";
				CODE_SIGN_STYLE = Manual;
				CURRENT_PROJECT_VERSION = 11;
				DEVELOPMENT_TEAM = H8HQMGH8V7;
				INFOPLIST_FILE = "init.engineer-iOS-App/Info.plist";
				IPHONEOS_DEPLOYMENT_TARGET = 13.0;
				LD_RUNPATH_SEARCH_PATHS = (
					"$(inherited)",
					"@executable_path/Frameworks",
				);
				MARKETING_VERSION = 1.0.0;
				PRODUCT_BUNDLE_IDENTIFIER = "horo.init-engineer";
				PRODUCT_NAME = "純靠北工程師";
				PROVISIONING_PROFILE_SPECIFIER = "Kaobei Main Development";
				"PROVISIONING_PROFILE_SPECIFIER[sdk=macosx*]" = "";
				SUPPORTS_MACCATALYST = YES;
				SWIFT_VERSION = 5.0;
				TARGETED_DEVICE_FAMILY = "1,2";
			};
			name = Debug;
		};
		A7D2E860244DE50F00953132 /* Release */ = {
			isa = XCBuildConfiguration;
			baseConfigurationReference = 4DBAC1F82C85E00ADC5B2A2D /* Pods-init.engineer-iOS-App.release.xcconfig */;
			buildSettings = {
				ALWAYS_EMBED_SWIFT_STANDARD_LIBRARIES = YES;
				ASSETCATALOG_COMPILER_APPICON_NAME = AppIcon;
				CODE_SIGN_ENTITLEMENTS = "init.engineer-iOS-App/純靠北工程師.entitlements";
				CODE_SIGN_IDENTITY = "iPhone Distribution";
				"CODE_SIGN_IDENTITY[sdk=macosx*]" = "Apple Development";
				CODE_SIGN_STYLE = Manual;
				CURRENT_PROJECT_VERSION = 11;
				DEVELOPMENT_TEAM = H8HQMGH8V7;
				INFOPLIST_FILE = "init.engineer-iOS-App/Info.plist";
				IPHONEOS_DEPLOYMENT_TARGET = 13.0;
				LD_RUNPATH_SEARCH_PATHS = (
					"$(inherited)",
					"@executable_path/Frameworks",
				);
				MARKETING_VERSION = 1.0.0;
				PRODUCT_BUNDLE_IDENTIFIER = "horo.init-engineer";
				PRODUCT_NAME = "純靠北工程師";
				PROVISIONING_PROFILE_SPECIFIER = "Kaobei Main Distribution";
				"PROVISIONING_PROFILE_SPECIFIER[sdk=macosx*]" = "";
				SUPPORTS_MACCATALYST = YES;
				SWIFT_VERSION = 5.0;
				TARGETED_DEVICE_FAMILY = "1,2";
			};
			name = Release;
		};
/* End XCBuildConfiguration section */

/* Begin XCConfigurationList section */
		12C8B0222533750C0072F653 /* Build configuration list for PBXNativeTarget "KaobeiAPI" */ = {
			isa = XCConfigurationList;
			buildConfigurations = (
				12C8B01E2533750C0072F653 /* Debug */,
				12C8B01F2533750C0072F653 /* Release */,
			);
			defaultConfigurationIsVisible = 0;
			defaultConfigurationName = Release;
		};
		12C8B0232533750C0072F653 /* Build configuration list for PBXNativeTarget "KaobeiAPITests" */ = {
			isa = XCConfigurationList;
			buildConfigurations = (
				12C8B0202533750C0072F653 /* Debug */,
				12C8B0212533750C0072F653 /* Release */,
			);
			defaultConfigurationIsVisible = 0;
			defaultConfigurationName = Release;
		};
		853D8EE925BD205900AD1548 /* Build configuration list for PBXNativeTarget "KaobeiWidgetExtension" */ = {
			isa = XCConfigurationList;
			buildConfigurations = (
				853D8EE625BD205900AD1548 /* Debug */,
				853D8EE725BD205900AD1548 /* Release */,
			);
			defaultConfigurationIsVisible = 0;
			defaultConfigurationName = Release;
		};
		A7D2E842244DE50E00953132 /* Build configuration list for PBXProject "init.engineer-iOS-App" */ = {
			isa = XCConfigurationList;
			buildConfigurations = (
				A7D2E85C244DE50F00953132 /* Debug */,
				A7D2E85D244DE50F00953132 /* Release */,
			);
			defaultConfigurationIsVisible = 0;
			defaultConfigurationName = Release;
		};
		A7D2E85E244DE50F00953132 /* Build configuration list for PBXNativeTarget "init.engineer-iOS-App" */ = {
			isa = XCConfigurationList;
			buildConfigurations = (
				A7D2E85F244DE50F00953132 /* Debug */,
				A7D2E860244DE50F00953132 /* Release */,
			);
			defaultConfigurationIsVisible = 0;
			defaultConfigurationName = Release;
		};
/* End XCConfigurationList section */

/* Begin XCVersionGroup section */
		A7D2E853244DE50E00953132 /* init_engineer_iOS_App.xcdatamodeld */ = {
			isa = XCVersionGroup;
			children = (
				A7D2E854244DE50E00953132 /* init_engineer_iOS_App.xcdatamodel */,
			);
			currentVersion = A7D2E854244DE50E00953132 /* init_engineer_iOS_App.xcdatamodel */;
			path = init_engineer_iOS_App.xcdatamodeld;
			sourceTree = "<group>";
			versionGroupType = wrapper.xcdatamodel;
		};
/* End XCVersionGroup section */
	};
	rootObject = A7D2E83F244DE50E00953132 /* Project object */;
}
