// !$*UTF8*$!
{
	archiveVersion = 1;
	classes = {
	};
	objectVersion = 51;
	objects = {

/* Begin PBXBuildFile section */
		A47D606AEC895E624B914382 /* Pods_init_engineer_iOS_App.framework in Frameworks */ = {isa = PBXBuildFile; fileRef = ACCA24EB2179F93637C284B5 /* Pods_init_engineer_iOS_App.framework */; };
		A7D2E84B244DE50E00953132 /* AppDelegate.swift in Sources */ = {isa = PBXBuildFile; fileRef = A7D2E84A244DE50E00953132 /* AppDelegate.swift */; };
		A7D2E84D244DE50E00953132 /* SceneDelegate.swift in Sources */ = {isa = PBXBuildFile; fileRef = A7D2E84C244DE50E00953132 /* SceneDelegate.swift */; };
		A7D2E84F244DE50E00953132 /* ViewController.swift in Sources */ = {isa = PBXBuildFile; fileRef = A7D2E84E244DE50E00953132 /* ViewController.swift */; };
		A7D2E852244DE50E00953132 /* Main.storyboard in Resources */ = {isa = PBXBuildFile; fileRef = A7D2E850244DE50E00953132 /* Main.storyboard */; };
		A7D2E855244DE50E00953132 /* init_engineer_iOS_App.xcdatamodeld in Sources */ = {isa = PBXBuildFile; fileRef = A7D2E853244DE50E00953132 /* init_engineer_iOS_App.xcdatamodeld */; };
		A7D2E857244DE50F00953132 /* Assets.xcassets in Resources */ = {isa = PBXBuildFile; fileRef = A7D2E856244DE50F00953132 /* Assets.xcassets */; };
		A7D2E85A244DE50F00953132 /* LaunchScreen.storyboard in Resources */ = {isa = PBXBuildFile; fileRef = A7D2E858244DE50F00953132 /* LaunchScreen.storyboard */; };
		C4DCC3EB2488041E0061C1BD /* Fixedsys500c.ttf in Resources */ = {isa = PBXBuildFile; fileRef = C4DCC3EA2488041E0061C1BD /* Fixedsys500c.ttf */; };
/* End PBXBuildFile section */

/* Begin PBXFileReference section */
		473094CBC420EC8874628C12 /* Pods-init.engineer-iOS-App.debug.xcconfig */ = {isa = PBXFileReference; includeInIndex = 1; lastKnownFileType = text.xcconfig; name = "Pods-init.engineer-iOS-App.debug.xcconfig"; path = "Target Support Files/Pods-init.engineer-iOS-App/Pods-init.engineer-iOS-App.debug.xcconfig"; sourceTree = "<group>"; };
		A7D2E847244DE50E00953132 /* 純靠北工程師.app */ = {isa = PBXFileReference; explicitFileType = wrapper.application; includeInIndex = 0; path = "純靠北工程師.app"; sourceTree = BUILT_PRODUCTS_DIR; };
		A7D2E84A244DE50E00953132 /* AppDelegate.swift */ = {isa = PBXFileReference; lastKnownFileType = sourcecode.swift; path = AppDelegate.swift; sourceTree = "<group>"; };
		A7D2E84C244DE50E00953132 /* SceneDelegate.swift */ = {isa = PBXFileReference; lastKnownFileType = sourcecode.swift; path = SceneDelegate.swift; sourceTree = "<group>"; };
		A7D2E84E244DE50E00953132 /* ViewController.swift */ = {isa = PBXFileReference; lastKnownFileType = sourcecode.swift; path = ViewController.swift; sourceTree = "<group>"; };
		A7D2E851244DE50E00953132 /* Base */ = {isa = PBXFileReference; lastKnownFileType = file.storyboard; name = Base; path = Base.lproj/Main.storyboard; sourceTree = "<group>"; };
		A7D2E854244DE50E00953132 /* init_engineer_iOS_App.xcdatamodel */ = {isa = PBXFileReference; lastKnownFileType = wrapper.xcdatamodel; path = init_engineer_iOS_App.xcdatamodel; sourceTree = "<group>"; };
		A7D2E856244DE50F00953132 /* Assets.xcassets */ = {isa = PBXFileReference; lastKnownFileType = folder.assetcatalog; path = Assets.xcassets; sourceTree = "<group>"; };
		A7D2E859244DE50F00953132 /* Base */ = {isa = PBXFileReference; lastKnownFileType = file.storyboard; name = Base; path = Base.lproj/LaunchScreen.storyboard; sourceTree = "<group>"; };
		A7D2E85B244DE50F00953132 /* Info.plist */ = {isa = PBXFileReference; lastKnownFileType = text.plist.xml; path = Info.plist; sourceTree = "<group>"; };
		ACCA24EB2179F93637C284B5 /* Pods_init_engineer_iOS_App.framework */ = {isa = PBXFileReference; explicitFileType = wrapper.framework; includeInIndex = 0; path = Pods_init_engineer_iOS_App.framework; sourceTree = BUILT_PRODUCTS_DIR; };
		B24E1EAE0845F9C313AFE92B /* Pods-init.engineer-iOS-App.release.xcconfig */ = {isa = PBXFileReference; includeInIndex = 1; lastKnownFileType = text.xcconfig; name = "Pods-init.engineer-iOS-App.release.xcconfig"; path = "Target Support Files/Pods-init.engineer-iOS-App/Pods-init.engineer-iOS-App.release.xcconfig"; sourceTree = "<group>"; };
		C4DCC3EA2488041E0061C1BD /* Fixedsys500c.ttf */ = {isa = PBXFileReference; lastKnownFileType = file; path = Fixedsys500c.ttf; sourceTree = "<group>"; };
/* End PBXFileReference section */

/* Begin PBXFrameworksBuildPhase section */
		A7D2E844244DE50E00953132 /* Frameworks */ = {
			isa = PBXFrameworksBuildPhase;
			buildActionMask = 2147483647;
			files = (
				A47D606AEC895E624B914382 /* Pods_init_engineer_iOS_App.framework in Frameworks */,
			);
			runOnlyForDeploymentPostprocessing = 0;
		};
/* End PBXFrameworksBuildPhase section */

/* Begin PBXGroup section */
		0AAB3D4BA5BA2AD0D79C93FE /* Frameworks */ = {
			isa = PBXGroup;
			children = (
				ACCA24EB2179F93637C284B5 /* Pods_init_engineer_iOS_App.framework */,
			);
			name = Frameworks;
			sourceTree = "<group>";
		};
		A7D2E83E244DE50E00953132 = {
			isa = PBXGroup;
			children = (
				A7D2E849244DE50E00953132 /* init.engineer-iOS-App */,
				A7D2E848244DE50E00953132 /* Products */,
				C6D4AA7D36DF06C8FA96CF7B /* Pods */,
				0AAB3D4BA5BA2AD0D79C93FE /* Frameworks */,
			);
			sourceTree = "<group>";
		};
		A7D2E848244DE50E00953132 /* Products */ = {
			isa = PBXGroup;
			children = (
				A7D2E847244DE50E00953132 /* 純靠北工程師.app */,
			);
			name = Products;
			sourceTree = "<group>";
		};
		A7D2E849244DE50E00953132 /* init.engineer-iOS-App */ = {
			isa = PBXGroup;
			children = (
				A7D2E84A244DE50E00953132 /* AppDelegate.swift */,
				A7D2E84C244DE50E00953132 /* SceneDelegate.swift */,
				C4DCC3E62487F1020061C1BD /* Data Model */,
				C4DCC3E42487F0740061C1BD /* View */,
				C4DCC3E52487F07F0061C1BD /* Controller */,
				A7D2E856244DE50F00953132 /* Assets.xcassets */,
				A7D2E85B244DE50F00953132 /* Info.plist */,
				C4DCC3E92487FFCE0061C1BD /* Fonts */,
			);
			path = "init.engineer-iOS-App";
			sourceTree = "<group>";
		};
		C4DCC3E42487F0740061C1BD /* View */ = {
			isa = PBXGroup;
			children = (
				A7D2E850244DE50E00953132 /* Main.storyboard */,
				A7D2E858244DE50F00953132 /* LaunchScreen.storyboard */,
			);
			path = View;
			sourceTree = "<group>";
		};
		C4DCC3E52487F07F0061C1BD /* Controller */ = {
			isa = PBXGroup;
			children = (
				A7D2E84E244DE50E00953132 /* ViewController.swift */,
			);
			path = Controller;
			sourceTree = "<group>";
		};
		C4DCC3E62487F1020061C1BD /* Data Model */ = {
			isa = PBXGroup;
			children = (
				A7D2E853244DE50E00953132 /* init_engineer_iOS_App.xcdatamodeld */,
			);
			path = "Data Model";
			sourceTree = "<group>";
		};
		C4DCC3E92487FFCE0061C1BD /* Fonts */ = {
			isa = PBXGroup;
			children = (
				C4DCC3EA2488041E0061C1BD /* Fixedsys500c.ttf */,
			);
			path = Fonts;
			sourceTree = "<group>";
		};
		C6D4AA7D36DF06C8FA96CF7B /* Pods */ = {
			isa = PBXGroup;
			children = (
				473094CBC420EC8874628C12 /* Pods-init.engineer-iOS-App.debug.xcconfig */,
				B24E1EAE0845F9C313AFE92B /* Pods-init.engineer-iOS-App.release.xcconfig */,
			);
			path = Pods;
			sourceTree = "<group>";
		};
/* End PBXGroup section */

/* Begin PBXNativeTarget section */
		A7D2E846244DE50E00953132 /* init.engineer-iOS-App */ = {
			isa = PBXNativeTarget;
			buildConfigurationList = A7D2E85E244DE50F00953132 /* Build configuration list for PBXNativeTarget "init.engineer-iOS-App" */;
			buildPhases = (
				C4392A470799B808E8E7A1AB /* [CP] Check Pods Manifest.lock */,
				A7D2E843244DE50E00953132 /* Sources */,
				A7D2E844244DE50E00953132 /* Frameworks */,
				A7D2E845244DE50E00953132 /* Resources */,
				D3D848ED90F4BFC11E7A5751 /* [CP] Embed Pods Frameworks */,
			);
			buildRules = (
			);
			dependencies = (
			);
			name = "init.engineer-iOS-App";
			productName = "init.engineer-iOS-App";
			productReference = A7D2E847244DE50E00953132 /* 純靠北工程師.app */;
			productType = "com.apple.product-type.application";
		};
/* End PBXNativeTarget section */

/* Begin PBXProject section */
		A7D2E83F244DE50E00953132 /* Project object */ = {
			isa = PBXProject;
			attributes = {
				LastSwiftUpdateCheck = 1140;
				LastUpgradeCheck = 1140;
				ORGANIZATIONNAME = "Kantai Developer";
				TargetAttributes = {
					A7D2E846244DE50E00953132 = {
						CreatedOnToolsVersion = 11.4;
					};
				};
			};
			buildConfigurationList = A7D2E842244DE50E00953132 /* Build configuration list for PBXProject "init.engineer-iOS-App" */;
			compatibilityVersion = "Xcode 9.3";
			developmentRegion = en;
			hasScannedForEncodings = 0;
			knownRegions = (
				en,
				Base,
			);
			mainGroup = A7D2E83E244DE50E00953132;
			productRefGroup = A7D2E848244DE50E00953132 /* Products */;
			projectDirPath = "";
			projectRoot = "";
			targets = (
				A7D2E846244DE50E00953132 /* init.engineer-iOS-App */,
			);
		};
/* End PBXProject section */

/* Begin PBXResourcesBuildPhase section */
		A7D2E845244DE50E00953132 /* Resources */ = {
			isa = PBXResourcesBuildPhase;
			buildActionMask = 2147483647;
			files = (
				A7D2E85A244DE50F00953132 /* LaunchScreen.storyboard in Resources */,
				A7D2E857244DE50F00953132 /* Assets.xcassets in Resources */,
				A7D2E852244DE50E00953132 /* Main.storyboard in Resources */,
				C4DCC3EB2488041E0061C1BD /* Fixedsys500c.ttf in Resources */,
			);
			runOnlyForDeploymentPostprocessing = 0;
		};
/* End PBXResourcesBuildPhase section */

/* Begin PBXShellScriptBuildPhase section */
		C4392A470799B808E8E7A1AB /* [CP] Check Pods Manifest.lock */ = {
			isa = PBXShellScriptBuildPhase;
			buildActionMask = 2147483647;
			files = (
			);
			inputFileListPaths = (
			);
			inputPaths = (
				"${PODS_PODFILE_DIR_PATH}/Podfile.lock",
				"${PODS_ROOT}/Manifest.lock",
			);
			name = "[CP] Check Pods Manifest.lock";
			outputFileListPaths = (
			);
			outputPaths = (
				"$(DERIVED_FILE_DIR)/Pods-init.engineer-iOS-App-checkManifestLockResult.txt",
			);
			runOnlyForDeploymentPostprocessing = 0;
			shellPath = /bin/sh;
			shellScript = "diff \"${PODS_PODFILE_DIR_PATH}/Podfile.lock\" \"${PODS_ROOT}/Manifest.lock\" > /dev/null\nif [ $? != 0 ] ; then\n    # print error to STDERR\n    echo \"error: The sandbox is not in sync with the Podfile.lock. Run 'pod install' or update your CocoaPods installation.\" >&2\n    exit 1\nfi\n# This output is used by Xcode 'outputs' to avoid re-running this script phase.\necho \"SUCCESS\" > \"${SCRIPT_OUTPUT_FILE_0}\"\n";
			showEnvVarsInLog = 0;
		};
		D3D848ED90F4BFC11E7A5751 /* [CP] Embed Pods Frameworks */ = {
			isa = PBXShellScriptBuildPhase;
			buildActionMask = 2147483647;
			files = (
			);
			inputFileListPaths = (
				"${PODS_ROOT}/Target Support Files/Pods-init.engineer-iOS-App/Pods-init.engineer-iOS-App-frameworks-${CONFIGURATION}-input-files.xcfilelist",
			);
			name = "[CP] Embed Pods Frameworks";
			outputFileListPaths = (
				"${PODS_ROOT}/Target Support Files/Pods-init.engineer-iOS-App/Pods-init.engineer-iOS-App-frameworks-${CONFIGURATION}-output-files.xcfilelist",
			);
			runOnlyForDeploymentPostprocessing = 0;
			shellPath = /bin/sh;
			shellScript = "\"${PODS_ROOT}/Target Support Files/Pods-init.engineer-iOS-App/Pods-init.engineer-iOS-App-frameworks.sh\"\n";
			showEnvVarsInLog = 0;
		};
/* End PBXShellScriptBuildPhase section */

/* Begin PBXSourcesBuildPhase section */
		A7D2E843244DE50E00953132 /* Sources */ = {
			isa = PBXSourcesBuildPhase;
			buildActionMask = 2147483647;
			files = (
				A7D2E855244DE50E00953132 /* init_engineer_iOS_App.xcdatamodeld in Sources */,
				A7D2E84F244DE50E00953132 /* ViewController.swift in Sources */,
				A7D2E84B244DE50E00953132 /* AppDelegate.swift in Sources */,
				A7D2E84D244DE50E00953132 /* SceneDelegate.swift in Sources */,
			);
			runOnlyForDeploymentPostprocessing = 0;
		};
/* End PBXSourcesBuildPhase section */

/* Begin PBXVariantGroup section */
		A7D2E850244DE50E00953132 /* Main.storyboard */ = {
			isa = PBXVariantGroup;
			children = (
				A7D2E851244DE50E00953132 /* Base */,
			);
			name = Main.storyboard;
			sourceTree = "<group>";
		};
		A7D2E858244DE50F00953132 /* LaunchScreen.storyboard */ = {
			isa = PBXVariantGroup;
			children = (
				A7D2E859244DE50F00953132 /* Base */,
			);
			name = LaunchScreen.storyboard;
			sourceTree = "<group>";
		};
/* End PBXVariantGroup section */

/* Begin XCBuildConfiguration section */
		A7D2E85C244DE50F00953132 /* Debug */ = {
			isa = XCBuildConfiguration;
			buildSettings = {
				ALWAYS_SEARCH_USER_PATHS = NO;
				CLANG_ANALYZER_NONNULL = YES;
				CLANG_ANALYZER_NUMBER_OBJECT_CONVERSION = YES_AGGRESSIVE;
				CLANG_CXX_LANGUAGE_STANDARD = "gnu++14";
				CLANG_CXX_LIBRARY = "libc++";
				CLANG_ENABLE_MODULES = YES;
				CLANG_ENABLE_OBJC_ARC = YES;
				CLANG_ENABLE_OBJC_WEAK = YES;
				CLANG_WARN_BLOCK_CAPTURE_AUTORELEASING = YES;
				CLANG_WARN_BOOL_CONVERSION = YES;
				CLANG_WARN_COMMA = YES;
				CLANG_WARN_CONSTANT_CONVERSION = YES;
				CLANG_WARN_DEPRECATED_OBJC_IMPLEMENTATIONS = YES;
				CLANG_WARN_DIRECT_OBJC_ISA_USAGE = YES_ERROR;
				CLANG_WARN_DOCUMENTATION_COMMENTS = YES;
				CLANG_WARN_EMPTY_BODY = YES;
				CLANG_WARN_ENUM_CONVERSION = YES;
				CLANG_WARN_INFINITE_RECURSION = YES;
				CLANG_WARN_INT_CONVERSION = YES;
				CLANG_WARN_NON_LITERAL_NULL_CONVERSION = YES;
				CLANG_WARN_OBJC_IMPLICIT_RETAIN_SELF = YES;
				CLANG_WARN_OBJC_LITERAL_CONVERSION = YES;
				CLANG_WARN_OBJC_ROOT_CLASS = YES_ERROR;
				CLANG_WARN_RANGE_LOOP_ANALYSIS = YES;
				CLANG_WARN_STRICT_PROTOTYPES = YES;
				CLANG_WARN_SUSPICIOUS_MOVE = YES;
				CLANG_WARN_UNGUARDED_AVAILABILITY = YES_AGGRESSIVE;
				CLANG_WARN_UNREACHABLE_CODE = YES;
				CLANG_WARN__DUPLICATE_METHOD_MATCH = YES;
				COPY_PHASE_STRIP = NO;
				DEBUG_INFORMATION_FORMAT = dwarf;
				ENABLE_STRICT_OBJC_MSGSEND = YES;
				ENABLE_TESTABILITY = YES;
				GCC_C_LANGUAGE_STANDARD = gnu11;
				GCC_DYNAMIC_NO_PIC = NO;
				GCC_NO_COMMON_BLOCKS = YES;
				GCC_OPTIMIZATION_LEVEL = 0;
				GCC_PREPROCESSOR_DEFINITIONS = (
					"DEBUG=1",
					"$(inherited)",
				);
				GCC_WARN_64_TO_32_BIT_CONVERSION = YES;
				GCC_WARN_ABOUT_RETURN_TYPE = YES_ERROR;
				GCC_WARN_UNDECLARED_SELECTOR = YES;
				GCC_WARN_UNINITIALIZED_AUTOS = YES_AGGRESSIVE;
				GCC_WARN_UNUSED_FUNCTION = YES;
				GCC_WARN_UNUSED_VARIABLE = YES;
				IPHONEOS_DEPLOYMENT_TARGET = 13.4;
				MTL_ENABLE_DEBUG_INFO = INCLUDE_SOURCE;
				MTL_FAST_MATH = YES;
				ONLY_ACTIVE_ARCH = YES;
				SDKROOT = iphoneos;
				SWIFT_ACTIVE_COMPILATION_CONDITIONS = DEBUG;
				SWIFT_OPTIMIZATION_LEVEL = "-Onone";
			};
			name = Debug;
		};
		A7D2E85D244DE50F00953132 /* Release */ = {
			isa = XCBuildConfiguration;
			buildSettings = {
				ALWAYS_SEARCH_USER_PATHS = NO;
				CLANG_ANALYZER_NONNULL = YES;
				CLANG_ANALYZER_NUMBER_OBJECT_CONVERSION = YES_AGGRESSIVE;
				CLANG_CXX_LANGUAGE_STANDARD = "gnu++14";
				CLANG_CXX_LIBRARY = "libc++";
				CLANG_ENABLE_MODULES = YES;
				CLANG_ENABLE_OBJC_ARC = YES;
				CLANG_ENABLE_OBJC_WEAK = YES;
				CLANG_WARN_BLOCK_CAPTURE_AUTORELEASING = YES;
				CLANG_WARN_BOOL_CONVERSION = YES;
				CLANG_WARN_COMMA = YES;
				CLANG_WARN_CONSTANT_CONVERSION = YES;
				CLANG_WARN_DEPRECATED_OBJC_IMPLEMENTATIONS = YES;
				CLANG_WARN_DIRECT_OBJC_ISA_USAGE = YES_ERROR;
				CLANG_WARN_DOCUMENTATION_COMMENTS = YES;
				CLANG_WARN_EMPTY_BODY = YES;
				CLANG_WARN_ENUM_CONVERSION = YES;
				CLANG_WARN_INFINITE_RECURSION = YES;
				CLANG_WARN_INT_CONVERSION = YES;
				CLANG_WARN_NON_LITERAL_NULL_CONVERSION = YES;
				CLANG_WARN_OBJC_IMPLICIT_RETAIN_SELF = YES;
				CLANG_WARN_OBJC_LITERAL_CONVERSION = YES;
				CLANG_WARN_OBJC_ROOT_CLASS = YES_ERROR;
				CLANG_WARN_RANGE_LOOP_ANALYSIS = YES;
				CLANG_WARN_STRICT_PROTOTYPES = YES;
				CLANG_WARN_SUSPICIOUS_MOVE = YES;
				CLANG_WARN_UNGUARDED_AVAILABILITY = YES_AGGRESSIVE;
				CLANG_WARN_UNREACHABLE_CODE = YES;
				CLANG_WARN__DUPLICATE_METHOD_MATCH = YES;
				COPY_PHASE_STRIP = NO;
				DEBUG_INFORMATION_FORMAT = "dwarf-with-dsym";
				ENABLE_NS_ASSERTIONS = NO;
				ENABLE_STRICT_OBJC_MSGSEND = YES;
				GCC_C_LANGUAGE_STANDARD = gnu11;
				GCC_NO_COMMON_BLOCKS = YES;
				GCC_WARN_64_TO_32_BIT_CONVERSION = YES;
				GCC_WARN_ABOUT_RETURN_TYPE = YES_ERROR;
				GCC_WARN_UNDECLARED_SELECTOR = YES;
				GCC_WARN_UNINITIALIZED_AUTOS = YES_AGGRESSIVE;
				GCC_WARN_UNUSED_FUNCTION = YES;
				GCC_WARN_UNUSED_VARIABLE = YES;
				IPHONEOS_DEPLOYMENT_TARGET = 13.4;
				MTL_ENABLE_DEBUG_INFO = NO;
				MTL_FAST_MATH = YES;
				SDKROOT = iphoneos;
				SWIFT_COMPILATION_MODE = wholemodule;
				SWIFT_OPTIMIZATION_LEVEL = "-O";
				VALIDATE_PRODUCT = YES;
			};
			name = Release;
		};
		A7D2E85F244DE50F00953132 /* Debug */ = {
			isa = XCBuildConfiguration;
			baseConfigurationReference = 473094CBC420EC8874628C12 /* Pods-init.engineer-iOS-App.debug.xcconfig */;
			buildSettings = {
				ASSETCATALOG_COMPILER_APPICON_NAME = AppIcon;
				CODE_SIGN_STYLE = Automatic;
				DEVELOPMENT_TEAM = SRRZK8QVK5;
				INFOPLIST_FILE = "init.engineer-iOS-App/Info.plist";
				IPHONEOS_DEPLOYMENT_TARGET = 9.0;
				LD_RUNPATH_SEARCH_PATHS = (
					"$(inherited)",
					"@executable_path/Frameworks",
				);
				PRODUCT_BUNDLE_IDENTIFIER = "tico88612.init-engineer-iOS-App";
				PRODUCT_NAME = "純靠北工程師";
				SWIFT_VERSION = 5.0;
				TARGETED_DEVICE_FAMILY = "1,2";
			};
			name = Debug;
		};
		A7D2E860244DE50F00953132 /* Release */ = {
			isa = XCBuildConfiguration;
			baseConfigurationReference = B24E1EAE0845F9C313AFE92B /* Pods-init.engineer-iOS-App.release.xcconfig */;
			buildSettings = {
				ASSETCATALOG_COMPILER_APPICON_NAME = AppIcon;
				CODE_SIGN_STYLE = Automatic;
				DEVELOPMENT_TEAM = SRRZK8QVK5;
				INFOPLIST_FILE = "init.engineer-iOS-App/Info.plist";
				IPHONEOS_DEPLOYMENT_TARGET = 9.0;
				LD_RUNPATH_SEARCH_PATHS = (
					"$(inherited)",
					"@executable_path/Frameworks",
				);
				PRODUCT_BUNDLE_IDENTIFIER = "tico88612.init-engineer-iOS-App";
				PRODUCT_NAME = "純靠北工程師";
				SWIFT_VERSION = 5.0;
				TARGETED_DEVICE_FAMILY = "1,2";
			};
			name = Release;
		};
/* End XCBuildConfiguration section */

/* Begin XCConfigurationList section */
		A7D2E842244DE50E00953132 /* Build configuration list for PBXProject "init.engineer-iOS-App" */ = {
			isa = XCConfigurationList;
			buildConfigurations = (
				A7D2E85C244DE50F00953132 /* Debug */,
				A7D2E85D244DE50F00953132 /* Release */,
			);
			defaultConfigurationIsVisible = 0;
			defaultConfigurationName = Release;
		};
		A7D2E85E244DE50F00953132 /* Build configuration list for PBXNativeTarget "init.engineer-iOS-App" */ = {
			isa = XCConfigurationList;
			buildConfigurations = (
				A7D2E85F244DE50F00953132 /* Debug */,
				A7D2E860244DE50F00953132 /* Release */,
			);
			defaultConfigurationIsVisible = 0;
			defaultConfigurationName = Release;
		};
/* End XCConfigurationList section */

/* Begin XCVersionGroup section */
		A7D2E853244DE50E00953132 /* init_engineer_iOS_App.xcdatamodeld */ = {
			isa = XCVersionGroup;
			children = (
				A7D2E854244DE50E00953132 /* init_engineer_iOS_App.xcdatamodel */,
			);
			currentVersion = A7D2E854244DE50E00953132 /* init_engineer_iOS_App.xcdatamodel */;
			path = init_engineer_iOS_App.xcdatamodeld;
			sourceTree = "<group>";
			versionGroupType = wrapper.xcdatamodel;
		};
/* End XCVersionGroup section */
	};
	rootObject = A7D2E83F244DE50E00953132 /* Project object */;
}
