// !$*UTF8*$!
{
	archiveVersion = 1;
	classes = {
	};
	objectVersion = 52;
	objects = {

/* Begin PBXBuildFile section */
		A47D606AEC895E624B914382 /* Pods_init_engineer_iOS_App.framework in Frameworks */ = {isa = PBXBuildFile; fileRef = ACCA24EB2179F93637C284B5 /* Pods_init_engineer_iOS_App.framework */; };
		A7D2E84B244DE50E00953132 /* AppDelegate.swift in Sources */ = {isa = PBXBuildFile; fileRef = A7D2E84A244DE50E00953132 /* AppDelegate.swift */; };
		A7D2E84D244DE50E00953132 /* SceneDelegate.swift in Sources */ = {isa = PBXBuildFile; fileRef = A7D2E84C244DE50E00953132 /* SceneDelegate.swift */; };
		A7D2E84F244DE50E00953132 /* ViewController.swift in Sources */ = {isa = PBXBuildFile; fileRef = A7D2E84E244DE50E00953132 /* ViewController.swift */; };
		A7D2E852244DE50E00953132 /* Main.storyboard in Resources */ = {isa = PBXBuildFile; fileRef = A7D2E850244DE50E00953132 /* Main.storyboard */; };
		A7D2E855244DE50E00953132 /* init_engineer_iOS_App.xcdatamodeld in Sources */ = {isa = PBXBuildFile; fileRef = A7D2E853244DE50E00953132 /* init_engineer_iOS_App.xcdatamodeld */; };
		A7D2E857244DE50F00953132 /* Assets.xcassets in Resources */ = {isa = PBXBuildFile; fileRef = A7D2E856244DE50F00953132 /* Assets.xcassets */; };
		A7D2E85A244DE50F00953132 /* LaunchScreen.storyboard in Resources */ = {isa = PBXBuildFile; fileRef = A7D2E858244DE50F00953132 /* LaunchScreen.storyboard */; };
		F2061400247CFBB50042DF27 /* LoginButtonStyle.swift in Sources */ = {isa = PBXBuildFile; fileRef = F20613FF247CFBB50042DF27 /* LoginButtonStyle.swift */; };
		F2061402247D04BF0042DF27 /* ColorExtension.swift in Sources */ = {isa = PBXBuildFile; fileRef = F2061401247D04BF0042DF27 /* ColorExtension.swift */; };
		F2061405247D06520042DF27 /* HostingController.swift in Sources */ = {isa = PBXBuildFile; fileRef = F2061404247D06520042DF27 /* HostingController.swift */; };
		F21CF1D5247B94700078DACA /* ContentView.swift in Sources */ = {isa = PBXBuildFile; fileRef = F21CF1D4247B94700078DACA /* ContentView.swift */; };
		F2EE2D44247BC3FA00276C4C /* OAuthSwift in Frameworks */ = {isa = PBXBuildFile; productRef = F2EE2D43247BC3FA00276C4C /* OAuthSwift */; };
		F2EE2D46247BC45900276C4C /* Utility.swift in Sources */ = {isa = PBXBuildFile; fileRef = F2EE2D45247BC45900276C4C /* Utility.swift */; };
		F2EE2D49247BC49C00276C4C /* Kaobei.swift in Sources */ = {isa = PBXBuildFile; fileRef = F2EE2D48247BC49C00276C4C /* Kaobei.swift */; };
		F2F076AC247CCAFA00BF7DD5 /* Random.swift in Sources */ = {isa = PBXBuildFile; fileRef = F2F076AB247CCAFA00BF7DD5 /* Random.swift */; };
		F2F076B0247CE4BC00BF7DD5 /* LoginView.swift in Sources */ = {isa = PBXBuildFile; fileRef = F2F076AF247CE4BC00BF7DD5 /* LoginView.swift */; };
		F2F076B3247CE83100BF7DD5 /* SDWebImageSwiftUI in Frameworks */ = {isa = PBXBuildFile; productRef = F2F076B2247CE83100BF7DD5 /* SDWebImageSwiftUI */; };
		F2F076B6247CE8BF00BF7DD5 /* BackgroundImage.gif in Resources */ = {isa = PBXBuildFile; fileRef = F2F076B5247CE8BF00BF7DD5 /* BackgroundImage.gif */; };
		F2F076B9247CEA8000BF7DD5 /* PreviewDeviceExtension.swift in Sources */ = {isa = PBXBuildFile; fileRef = F2F076B7247CEA7F00BF7DD5 /* PreviewDeviceExtension.swift */; };
		F2F076BA247CEA8000BF7DD5 /* ViewExtension.swift in Sources */ = {isa = PBXBuildFile; fileRef = F2F076B8247CEA7F00BF7DD5 /* ViewExtension.swift */; };
/* End PBXBuildFile section */

/* Begin PBXFileReference section */
		473094CBC420EC8874628C12 /* Pods-init.engineer-iOS-App.debug.xcconfig */ = {isa = PBXFileReference; includeInIndex = 1; lastKnownFileType = text.xcconfig; name = "Pods-init.engineer-iOS-App.debug.xcconfig"; path = "Target Support Files/Pods-init.engineer-iOS-App/Pods-init.engineer-iOS-App.debug.xcconfig"; sourceTree = "<group>"; };
		A7D2E847244DE50E00953132 /* init_engineer.app */ = {isa = PBXFileReference; explicitFileType = wrapper.application; includeInIndex = 0; path = init_engineer.app; sourceTree = BUILT_PRODUCTS_DIR; };
		A7D2E84A244DE50E00953132 /* AppDelegate.swift */ = {isa = PBXFileReference; lastKnownFileType = sourcecode.swift; path = AppDelegate.swift; sourceTree = "<group>"; };
		A7D2E84C244DE50E00953132 /* SceneDelegate.swift */ = {isa = PBXFileReference; lastKnownFileType = sourcecode.swift; path = SceneDelegate.swift; sourceTree = "<group>"; };
		A7D2E84E244DE50E00953132 /* ViewController.swift */ = {isa = PBXFileReference; lastKnownFileType = sourcecode.swift; path = ViewController.swift; sourceTree = "<group>"; };
		A7D2E851244DE50E00953132 /* Base */ = {isa = PBXFileReference; lastKnownFileType = file.storyboard; name = Base; path = Base.lproj/Main.storyboard; sourceTree = "<group>"; };
		A7D2E854244DE50E00953132 /* init_engineer_iOS_App.xcdatamodel */ = {isa = PBXFileReference; lastKnownFileType = wrapper.xcdatamodel; path = init_engineer_iOS_App.xcdatamodel; sourceTree = "<group>"; };
		A7D2E856244DE50F00953132 /* Assets.xcassets */ = {isa = PBXFileReference; lastKnownFileType = folder.assetcatalog; path = Assets.xcassets; sourceTree = "<group>"; };
		A7D2E859244DE50F00953132 /* Base */ = {isa = PBXFileReference; lastKnownFileType = file.storyboard; name = Base; path = Base.lproj/LaunchScreen.storyboard; sourceTree = "<group>"; };
		A7D2E85B244DE50F00953132 /* Info.plist */ = {isa = PBXFileReference; lastKnownFileType = text.plist.xml; path = Info.plist; sourceTree = "<group>"; };
		ACCA24EB2179F93637C284B5 /* Pods_init_engineer_iOS_App.framework */ = {isa = PBXFileReference; explicitFileType = wrapper.framework; includeInIndex = 0; path = Pods_init_engineer_iOS_App.framework; sourceTree = BUILT_PRODUCTS_DIR; };
		B24E1EAE0845F9C313AFE92B /* Pods-init.engineer-iOS-App.release.xcconfig */ = {isa = PBXFileReference; includeInIndex = 1; lastKnownFileType = text.xcconfig; name = "Pods-init.engineer-iOS-App.release.xcconfig"; path = "Target Support Files/Pods-init.engineer-iOS-App/Pods-init.engineer-iOS-App.release.xcconfig"; sourceTree = "<group>"; };
		F20613FF247CFBB50042DF27 /* LoginButtonStyle.swift */ = {isa = PBXFileReference; lastKnownFileType = sourcecode.swift; path = LoginButtonStyle.swift; sourceTree = "<group>"; };
		F2061401247D04BF0042DF27 /* ColorExtension.swift */ = {isa = PBXFileReference; lastKnownFileType = sourcecode.swift; path = ColorExtension.swift; sourceTree = "<group>"; };
		F2061404247D06520042DF27 /* HostingController.swift */ = {isa = PBXFileReference; lastKnownFileType = sourcecode.swift; path = HostingController.swift; sourceTree = "<group>"; };
		F21CF1D4247B94700078DACA /* ContentView.swift */ = {isa = PBXFileReference; lastKnownFileType = sourcecode.swift; path = ContentView.swift; sourceTree = "<group>"; };
		F2EE2D45247BC45900276C4C /* Utility.swift */ = {isa = PBXFileReference; lastKnownFileType = sourcecode.swift; path = Utility.swift; sourceTree = "<group>"; };
		F2EE2D48247BC49C00276C4C /* Kaobei.swift */ = {isa = PBXFileReference; lastKnownFileType = sourcecode.swift; path = Kaobei.swift; sourceTree = "<group>"; };
		F2F076AB247CCAFA00BF7DD5 /* Random.swift */ = {isa = PBXFileReference; fileEncoding = 4; lastKnownFileType = sourcecode.swift; path = Random.swift; sourceTree = "<group>"; };
		F2F076AF247CE4BC00BF7DD5 /* LoginView.swift */ = {isa = PBXFileReference; lastKnownFileType = sourcecode.swift; path = LoginView.swift; sourceTree = "<group>"; };
		F2F076B5247CE8BF00BF7DD5 /* BackgroundImage.gif */ = {isa = PBXFileReference; lastKnownFileType = image.gif; path = BackgroundImage.gif; sourceTree = "<group>"; };
		F2F076B7247CEA7F00BF7DD5 /* PreviewDeviceExtension.swift */ = {isa = PBXFileReference; fileEncoding = 4; lastKnownFileType = sourcecode.swift; path = PreviewDeviceExtension.swift; sourceTree = "<group>"; };
		F2F076B8247CEA7F00BF7DD5 /* ViewExtension.swift */ = {isa = PBXFileReference; fileEncoding = 4; lastKnownFileType = sourcecode.swift; path = ViewExtension.swift; sourceTree = "<group>"; };
/* End PBXFileReference section */

/* Begin PBXFrameworksBuildPhase section */
		A7D2E844244DE50E00953132 /* Frameworks */ = {
			isa = PBXFrameworksBuildPhase;
			buildActionMask = 2147483647;
			files = (
				F2F076B3247CE83100BF7DD5 /* SDWebImageSwiftUI in Frameworks */,
				F2EE2D44247BC3FA00276C4C /* OAuthSwift in Frameworks */,
				A47D606AEC895E624B914382 /* Pods_init_engineer_iOS_App.framework in Frameworks */,
			);
			runOnlyForDeploymentPostprocessing = 0;
		};
/* End PBXFrameworksBuildPhase section */

/* Begin PBXGroup section */
		0AAB3D4BA5BA2AD0D79C93FE /* Frameworks */ = {
			isa = PBXGroup;
			children = (
				ACCA24EB2179F93637C284B5 /* Pods_init_engineer_iOS_App.framework */,
			);
			name = Frameworks;
			sourceTree = "<group>";
		};
		A7D2E83E244DE50E00953132 = {
			isa = PBXGroup;
			children = (
				A7D2E849244DE50E00953132 /* init.engineer-iOS-App */,
				A7D2E848244DE50E00953132 /* Products */,
				C6D4AA7D36DF06C8FA96CF7B /* Pods */,
				0AAB3D4BA5BA2AD0D79C93FE /* Frameworks */,
			);
			sourceTree = "<group>";
		};
		A7D2E848244DE50E00953132 /* Products */ = {
			isa = PBXGroup;
			children = (
				A7D2E847244DE50E00953132 /* init_engineer.app */,
			);
			name = Products;
			sourceTree = "<group>";
		};
		A7D2E849244DE50E00953132 /* init.engineer-iOS-App */ = {
			isa = PBXGroup;
			children = (
				A7D2E84A244DE50E00953132 /* AppDelegate.swift */,
				A7D2E84C244DE50E00953132 /* SceneDelegate.swift */,
				F21CF1D7247B948E0078DACA /* Extensions */,
				F21CF1D2247B943C0078DACA /* Models */,
				F21CF1D1247B94320078DACA /* Views */,
				F21CF1D3247B94520078DACA /* ViewModels */,
				F2061403247D062E0042DF27 /* ViewController */,
				F2F076B4247CE8AD00BF7DD5 /* Resource */,
				A7D2E84E244DE50E00953132 /* ViewController.swift */,
				A7D2E850244DE50E00953132 /* Main.storyboard */,
				A7D2E856244DE50F00953132 /* Assets.xcassets */,
				A7D2E858244DE50F00953132 /* LaunchScreen.storyboard */,
				A7D2E85B244DE50F00953132 /* Info.plist */,
				A7D2E853244DE50E00953132 /* init_engineer_iOS_App.xcdatamodeld */,
			);
			path = "init.engineer-iOS-App";
			sourceTree = "<group>";
		};
		C6D4AA7D36DF06C8FA96CF7B /* Pods */ = {
			isa = PBXGroup;
			children = (
				473094CBC420EC8874628C12 /* Pods-init.engineer-iOS-App.debug.xcconfig */,
				B24E1EAE0845F9C313AFE92B /* Pods-init.engineer-iOS-App.release.xcconfig */,
			);
			path = Pods;
			sourceTree = "<group>";
		};
		F20613FE247CFB930042DF27 /* ButtonStyle */ = {
			isa = PBXGroup;
			children = (
				F20613FF247CFBB50042DF27 /* LoginButtonStyle.swift */,
			);
			path = ButtonStyle;
			sourceTree = "<group>";
		};
		F2061403247D062E0042DF27 /* ViewController */ = {
			isa = PBXGroup;
			children = (
				F2061404247D06520042DF27 /* HostingController.swift */,
			);
			path = ViewController;
			sourceTree = "<group>";
		};
		F21CF1D1247B94320078DACA /* Views */ = {
			isa = PBXGroup;
			children = (
				F20613FE247CFB930042DF27 /* ButtonStyle */,
				F21CF1D4247B94700078DACA /* ContentView.swift */,
				F2F076AF247CE4BC00BF7DD5 /* LoginView.swift */,
			);
			path = Views;
			sourceTree = "<group>";
		};
		F21CF1D2247B943C0078DACA /* Models */ = {
			isa = PBXGroup;
			children = (
				F2EE2D47247BC48700276C4C /* Kaobei */,
				F2EE2D45247BC45900276C4C /* Utility.swift */,
			);
			path = Models;
			sourceTree = "<group>";
		};
		F21CF1D3247B94520078DACA /* ViewModels */ = {
			isa = PBXGroup;
			children = (
			);
			path = ViewModels;
			sourceTree = "<group>";
		};
		F21CF1D7247B948E0078DACA /* Extensions */ = {
			isa = PBXGroup;
			children = (
				F2061401247D04BF0042DF27 /* ColorExtension.swift */,
				F2F076B7247CEA7F00BF7DD5 /* PreviewDeviceExtension.swift */,
				F2F076AB247CCAFA00BF7DD5 /* Random.swift */,
				F2F076B8247CEA7F00BF7DD5 /* ViewExtension.swift */,
			);
			path = Extensions;
			sourceTree = "<group>";
		};
		F2EE2D47247BC48700276C4C /* Kaobei */ = {
			isa = PBXGroup;
			children = (
				F2EE2D48247BC49C00276C4C /* Kaobei.swift */,
			);
			path = Kaobei;
			sourceTree = "<group>";
		};
		F2F076B4247CE8AD00BF7DD5 /* Resource */ = {
			isa = PBXGroup;
			children = (
				F2F076B5247CE8BF00BF7DD5 /* BackgroundImage.gif */,
			);
			path = Resource;
			sourceTree = "<group>";
		};
/* End PBXGroup section */

/* Begin PBXNativeTarget section */
		A7D2E846244DE50E00953132 /* init.engineer-iOS-App */ = {
			isa = PBXNativeTarget;
			buildConfigurationList = A7D2E85E244DE50F00953132 /* Build configuration list for PBXNativeTarget "init.engineer-iOS-App" */;
			buildPhases = (
				C4392A470799B808E8E7A1AB /* [CP] Check Pods Manifest.lock */,
				A7D2E843244DE50E00953132 /* Sources */,
				A7D2E844244DE50E00953132 /* Frameworks */,
				A7D2E845244DE50E00953132 /* Resources */,
			);
			buildRules = (
			);
			dependencies = (
			);
			name = "init.engineer-iOS-App";
			packageProductDependencies = (
				F2EE2D43247BC3FA00276C4C /* OAuthSwift */,
				F2F076B2247CE83100BF7DD5 /* SDWebImageSwiftUI */,
			);
			productName = "init.engineer-iOS-App";
			productReference = A7D2E847244DE50E00953132 /* init_engineer.app */;
			productType = "com.apple.product-type.application";
		};
/* End PBXNativeTarget section */

/* Begin PBXProject section */
		A7D2E83F244DE50E00953132 /* Project object */ = {
			isa = PBXProject;
			attributes = {
				LastSwiftUpdateCheck = 1140;
				LastUpgradeCheck = 1140;
				ORGANIZATIONNAME = "Kantai Developer";
				TargetAttributes = {
					A7D2E846244DE50E00953132 = {
						CreatedOnToolsVersion = 11.4;
					};
				};
			};
			buildConfigurationList = A7D2E842244DE50E00953132 /* Build configuration list for PBXProject "init.engineer-iOS-App" */;
			compatibilityVersion = "Xcode 9.3";
			developmentRegion = en;
			hasScannedForEncodings = 0;
			knownRegions = (
				en,
				Base,
			);
			mainGroup = A7D2E83E244DE50E00953132;
			packageReferences = (
				F2EE2D42247BC3FA00276C4C /* XCRemoteSwiftPackageReference "OAuthSwift" */,
				F2F076B1247CE83100BF7DD5 /* XCRemoteSwiftPackageReference "SDWebImageSwiftUI" */,
			);
			productRefGroup = A7D2E848244DE50E00953132 /* Products */;
			projectDirPath = "";
			projectRoot = "";
			targets = (
				A7D2E846244DE50E00953132 /* init.engineer-iOS-App */,
			);
		};
/* End PBXProject section */

/* Begin PBXResourcesBuildPhase section */
		A7D2E845244DE50E00953132 /* Resources */ = {
			isa = PBXResourcesBuildPhase;
			buildActionMask = 2147483647;
			files = (
				F2F076B6247CE8BF00BF7DD5 /* BackgroundImage.gif in Resources */,
				A7D2E85A244DE50F00953132 /* LaunchScreen.storyboard in Resources */,
				A7D2E857244DE50F00953132 /* Assets.xcassets in Resources */,
				A7D2E852244DE50E00953132 /* Main.storyboard in Resources */,
			);
			runOnlyForDeploymentPostprocessing = 0;
		};
/* End PBXResourcesBuildPhase section */

/* Begin PBXShellScriptBuildPhase section */
		C4392A470799B808E8E7A1AB /* [CP] Check Pods Manifest.lock */ = {
			isa = PBXShellScriptBuildPhase;
			buildActionMask = 2147483647;
			files = (
			);
			inputFileListPaths = (
			);
			inputPaths = (
				"${PODS_PODFILE_DIR_PATH}/Podfile.lock",
				"${PODS_ROOT}/Manifest.lock",
			);
			name = "[CP] Check Pods Manifest.lock";
			outputFileListPaths = (
			);
			outputPaths = (
				"$(DERIVED_FILE_DIR)/Pods-init.engineer-iOS-App-checkManifestLockResult.txt",
			);
			runOnlyForDeploymentPostprocessing = 0;
			shellPath = /bin/sh;
			shellScript = "diff \"${PODS_PODFILE_DIR_PATH}/Podfile.lock\" \"${PODS_ROOT}/Manifest.lock\" > /dev/null\nif [ $? != 0 ] ; then\n    # print error to STDERR\n    echo \"error: The sandbox is not in sync with the Podfile.lock. Run 'pod install' or update your CocoaPods installation.\" >&2\n    exit 1\nfi\n# This output is used by Xcode 'outputs' to avoid re-running this script phase.\necho \"SUCCESS\" > \"${SCRIPT_OUTPUT_FILE_0}\"\n";
			showEnvVarsInLog = 0;
		};
/* End PBXShellScriptBuildPhase section */

/* Begin PBXSourcesBuildPhase section */
		A7D2E843244DE50E00953132 /* Sources */ = {
			isa = PBXSourcesBuildPhase;
			buildActionMask = 2147483647;
			files = (
				A7D2E855244DE50E00953132 /* init_engineer_iOS_App.xcdatamodeld in Sources */,
				F2061400247CFBB50042DF27 /* LoginButtonStyle.swift in Sources */,
				F21CF1D5247B94700078DACA /* ContentView.swift in Sources */,
				F2EE2D46247BC45900276C4C /* Utility.swift in Sources */,
				F2061405247D06520042DF27 /* HostingController.swift in Sources */,
				F2F076B0247CE4BC00BF7DD5 /* LoginView.swift in Sources */,
				F2F076B9247CEA8000BF7DD5 /* PreviewDeviceExtension.swift in Sources */,
				F2EE2D49247BC49C00276C4C /* Kaobei.swift in Sources */,
				F2F076BA247CEA8000BF7DD5 /* ViewExtension.swift in Sources */,
				A7D2E84F244DE50E00953132 /* ViewController.swift in Sources */,
				A7D2E84B244DE50E00953132 /* AppDelegate.swift in Sources */,
				A7D2E84D244DE50E00953132 /* SceneDelegate.swift in Sources */,
				F2F076AC247CCAFA00BF7DD5 /* Random.swift in Sources */,
				F2061402247D04BF0042DF27 /* ColorExtension.swift in Sources */,
			);
			runOnlyForDeploymentPostprocessing = 0;
		};
/* End PBXSourcesBuildPhase section */

/* Begin PBXVariantGroup section */
		A7D2E850244DE50E00953132 /* Main.storyboard */ = {
			isa = PBXVariantGroup;
			children = (
				A7D2E851244DE50E00953132 /* Base */,
			);
			name = Main.storyboard;
			sourceTree = "<group>";
		};
		A7D2E858244DE50F00953132 /* LaunchScreen.storyboard */ = {
			isa = PBXVariantGroup;
			children = (
				A7D2E859244DE50F00953132 /* Base */,
			);
			name = LaunchScreen.storyboard;
			sourceTree = "<group>";
		};
/* End PBXVariantGroup section */

/* Begin XCBuildConfiguration section */
		A7D2E85C244DE50F00953132 /* Debug */ = {
			isa = XCBuildConfiguration;
			buildSettings = {
				ALWAYS_SEARCH_USER_PATHS = NO;
				CLANG_ANALYZER_NONNULL = YES;
				CLANG_ANALYZER_NUMBER_OBJECT_CONVERSION = YES_AGGRESSIVE;
				CLANG_CXX_LANGUAGE_STANDARD = "gnu++14";
				CLANG_CXX_LIBRARY = "libc++";
				CLANG_ENABLE_MODULES = YES;
				CLANG_ENABLE_OBJC_ARC = YES;
				CLANG_ENABLE_OBJC_WEAK = YES;
				CLANG_WARN_BLOCK_CAPTURE_AUTORELEASING = YES;
				CLANG_WARN_BOOL_CONVERSION = YES;
				CLANG_WARN_COMMA = YES;
				CLANG_WARN_CONSTANT_CONVERSION = YES;
				CLANG_WARN_DEPRECATED_OBJC_IMPLEMENTATIONS = YES;
				CLANG_WARN_DIRECT_OBJC_ISA_USAGE = YES_ERROR;
				CLANG_WARN_DOCUMENTATION_COMMENTS = YES;
				CLANG_WARN_EMPTY_BODY = YES;
				CLANG_WARN_ENUM_CONVERSION = YES;
				CLANG_WARN_INFINITE_RECURSION = YES;
				CLANG_WARN_INT_CONVERSION = YES;
				CLANG_WARN_NON_LITERAL_NULL_CONVERSION = YES;
				CLANG_WARN_OBJC_IMPLICIT_RETAIN_SELF = YES;
				CLANG_WARN_OBJC_LITERAL_CONVERSION = YES;
				CLANG_WARN_OBJC_ROOT_CLASS = YES_ERROR;
				CLANG_WARN_RANGE_LOOP_ANALYSIS = YES;
				CLANG_WARN_STRICT_PROTOTYPES = YES;
				CLANG_WARN_SUSPICIOUS_MOVE = YES;
				CLANG_WARN_UNGUARDED_AVAILABILITY = YES_AGGRESSIVE;
				CLANG_WARN_UNREACHABLE_CODE = YES;
				CLANG_WARN__DUPLICATE_METHOD_MATCH = YES;
				COPY_PHASE_STRIP = NO;
				DEBUG_INFORMATION_FORMAT = dwarf;
				ENABLE_STRICT_OBJC_MSGSEND = YES;
				ENABLE_TESTABILITY = YES;
				GCC_C_LANGUAGE_STANDARD = gnu11;
				GCC_DYNAMIC_NO_PIC = NO;
				GCC_NO_COMMON_BLOCKS = YES;
				GCC_OPTIMIZATION_LEVEL = 0;
				GCC_PREPROCESSOR_DEFINITIONS = (
					"DEBUG=1",
					"$(inherited)",
				);
				GCC_WARN_64_TO_32_BIT_CONVERSION = YES;
				GCC_WARN_ABOUT_RETURN_TYPE = YES_ERROR;
				GCC_WARN_UNDECLARED_SELECTOR = YES;
				GCC_WARN_UNINITIALIZED_AUTOS = YES_AGGRESSIVE;
				GCC_WARN_UNUSED_FUNCTION = YES;
				GCC_WARN_UNUSED_VARIABLE = YES;
				IPHONEOS_DEPLOYMENT_TARGET = 13.4;
				MTL_ENABLE_DEBUG_INFO = INCLUDE_SOURCE;
				MTL_FAST_MATH = YES;
				ONLY_ACTIVE_ARCH = YES;
				SDKROOT = iphoneos;
				SWIFT_ACTIVE_COMPILATION_CONDITIONS = DEBUG;
				SWIFT_OPTIMIZATION_LEVEL = "-Onone";
			};
			name = Debug;
		};
		A7D2E85D244DE50F00953132 /* Release */ = {
			isa = XCBuildConfiguration;
			buildSettings = {
				ALWAYS_SEARCH_USER_PATHS = NO;
				CLANG_ANALYZER_NONNULL = YES;
				CLANG_ANALYZER_NUMBER_OBJECT_CONVERSION = YES_AGGRESSIVE;
				CLANG_CXX_LANGUAGE_STANDARD = "gnu++14";
				CLANG_CXX_LIBRARY = "libc++";
				CLANG_ENABLE_MODULES = YES;
				CLANG_ENABLE_OBJC_ARC = YES;
				CLANG_ENABLE_OBJC_WEAK = YES;
				CLANG_WARN_BLOCK_CAPTURE_AUTORELEASING = YES;
				CLANG_WARN_BOOL_CONVERSION = YES;
				CLANG_WARN_COMMA = YES;
				CLANG_WARN_CONSTANT_CONVERSION = YES;
				CLANG_WARN_DEPRECATED_OBJC_IMPLEMENTATIONS = YES;
				CLANG_WARN_DIRECT_OBJC_ISA_USAGE = YES_ERROR;
				CLANG_WARN_DOCUMENTATION_COMMENTS = YES;
				CLANG_WARN_EMPTY_BODY = YES;
				CLANG_WARN_ENUM_CONVERSION = YES;
				CLANG_WARN_INFINITE_RECURSION = YES;
				CLANG_WARN_INT_CONVERSION = YES;
				CLANG_WARN_NON_LITERAL_NULL_CONVERSION = YES;
				CLANG_WARN_OBJC_IMPLICIT_RETAIN_SELF = YES;
				CLANG_WARN_OBJC_LITERAL_CONVERSION = YES;
				CLANG_WARN_OBJC_ROOT_CLASS = YES_ERROR;
				CLANG_WARN_RANGE_LOOP_ANALYSIS = YES;
				CLANG_WARN_STRICT_PROTOTYPES = YES;
				CLANG_WARN_SUSPICIOUS_MOVE = YES;
				CLANG_WARN_UNGUARDED_AVAILABILITY = YES_AGGRESSIVE;
				CLANG_WARN_UNREACHABLE_CODE = YES;
				CLANG_WARN__DUPLICATE_METHOD_MATCH = YES;
				COPY_PHASE_STRIP = NO;
				DEBUG_INFORMATION_FORMAT = "dwarf-with-dsym";
				ENABLE_NS_ASSERTIONS = NO;
				ENABLE_STRICT_OBJC_MSGSEND = YES;
				GCC_C_LANGUAGE_STANDARD = gnu11;
				GCC_NO_COMMON_BLOCKS = YES;
				GCC_WARN_64_TO_32_BIT_CONVERSION = YES;
				GCC_WARN_ABOUT_RETURN_TYPE = YES_ERROR;
				GCC_WARN_UNDECLARED_SELECTOR = YES;
				GCC_WARN_UNINITIALIZED_AUTOS = YES_AGGRESSIVE;
				GCC_WARN_UNUSED_FUNCTION = YES;
				GCC_WARN_UNUSED_VARIABLE = YES;
				IPHONEOS_DEPLOYMENT_TARGET = 13.4;
				MTL_ENABLE_DEBUG_INFO = NO;
				MTL_FAST_MATH = YES;
				SDKROOT = iphoneos;
				SWIFT_COMPILATION_MODE = wholemodule;
				SWIFT_OPTIMIZATION_LEVEL = "-O";
				VALIDATE_PRODUCT = YES;
			};
			name = Release;
		};
		A7D2E85F244DE50F00953132 /* Debug */ = {
			isa = XCBuildConfiguration;
			baseConfigurationReference = 473094CBC420EC8874628C12 /* Pods-init.engineer-iOS-App.debug.xcconfig */;
			buildSettings = {
				ASSETCATALOG_COMPILER_APPICON_NAME = AppIcon;
				CODE_SIGN_IDENTITY = "Apple Development";
				CODE_SIGN_STYLE = Automatic;
				DEVELOPMENT_TEAM = Z3R5U977LQ;
				INFOPLIST_FILE = "init.engineer-iOS-App/Info.plist";
				IPHONEOS_DEPLOYMENT_TARGET = 13.0;
				LD_RUNPATH_SEARCH_PATHS = (
					"$(inherited)",
					"@executable_path/Frameworks",
				);
				PRODUCT_BUNDLE_IDENTIFIER = "kantai.developer.init-engineer-iOS-App";
				MARKETING_VERSION = 0.0.1;
				PRODUCT_NAME = init_engineer;
				PROVISIONING_PROFILE_SPECIFIER = "";
				SWIFT_VERSION = 5.0;
				TARGETED_DEVICE_FAMILY = "1,2";
			};
			name = Debug;
		};
		A7D2E860244DE50F00953132 /* Release */ = {
			isa = XCBuildConfiguration;
			baseConfigurationReference = B24E1EAE0845F9C313AFE92B /* Pods-init.engineer-iOS-App.release.xcconfig */;
			buildSettings = {
				ASSETCATALOG_COMPILER_APPICON_NAME = AppIcon;
				CODE_SIGN_IDENTITY = "Apple Development";
				CODE_SIGN_STYLE = Automatic;
				DEVELOPMENT_TEAM = Z3R5U977LQ;
				INFOPLIST_FILE = "init.engineer-iOS-App/Info.plist";
				IPHONEOS_DEPLOYMENT_TARGET = 13.0;
				LD_RUNPATH_SEARCH_PATHS = (
					"$(inherited)",
					"@executable_path/Frameworks",
				);
				PRODUCT_BUNDLE_IDENTIFIER = "kantai.developer.init-engineer-iOS-App";
				MARKETING_VERSION = 0.0.1;
				PRODUCT_NAME = init_engineer;
				PROVISIONING_PROFILE_SPECIFIER = "";
				SWIFT_VERSION = 5.0;
				TARGETED_DEVICE_FAMILY = "1,2";
			};
			name = Release;
		};
/* End XCBuildConfiguration section */

/* Begin XCConfigurationList section */
		A7D2E842244DE50E00953132 /* Build configuration list for PBXProject "init.engineer-iOS-App" */ = {
			isa = XCConfigurationList;
			buildConfigurations = (
				A7D2E85C244DE50F00953132 /* Debug */,
				A7D2E85D244DE50F00953132 /* Release */,
			);
			defaultConfigurationIsVisible = 0;
			defaultConfigurationName = Release;
		};
		A7D2E85E244DE50F00953132 /* Build configuration list for PBXNativeTarget "init.engineer-iOS-App" */ = {
			isa = XCConfigurationList;
			buildConfigurations = (
				A7D2E85F244DE50F00953132 /* Debug */,
				A7D2E860244DE50F00953132 /* Release */,
			);
			defaultConfigurationIsVisible = 0;
			defaultConfigurationName = Release;
		};
/* End XCConfigurationList section */

/* Begin XCRemoteSwiftPackageReference section */
		F2EE2D42247BC3FA00276C4C /* XCRemoteSwiftPackageReference "OAuthSwift" */ = {
			isa = XCRemoteSwiftPackageReference;
			repositoryURL = "https://github.com/OAuthSwift/OAuthSwift.git";
			requirement = {
				kind = upToNextMajorVersion;
				minimumVersion = 2.1.2;
			};
		};
		F2F076B1247CE83100BF7DD5 /* XCRemoteSwiftPackageReference "SDWebImageSwiftUI" */ = {
			isa = XCRemoteSwiftPackageReference;
			repositoryURL = "https://github.com/SDWebImage/SDWebImageSwiftUI";
			requirement = {
				kind = upToNextMajorVersion;
				minimumVersion = 1.4.0;
			};
		};
/* End XCRemoteSwiftPackageReference section */

/* Begin XCSwiftPackageProductDependency section */
		F2EE2D43247BC3FA00276C4C /* OAuthSwift */ = {
			isa = XCSwiftPackageProductDependency;
			package = F2EE2D42247BC3FA00276C4C /* XCRemoteSwiftPackageReference "OAuthSwift" */;
			productName = OAuthSwift;
		};
		F2F076B2247CE83100BF7DD5 /* SDWebImageSwiftUI */ = {
			isa = XCSwiftPackageProductDependency;
			package = F2F076B1247CE83100BF7DD5 /* XCRemoteSwiftPackageReference "SDWebImageSwiftUI" */;
			productName = SDWebImageSwiftUI;
		};
/* End XCSwiftPackageProductDependency section */

/* Begin XCVersionGroup section */
		A7D2E853244DE50E00953132 /* init_engineer_iOS_App.xcdatamodeld */ = {
			isa = XCVersionGroup;
			children = (
				A7D2E854244DE50E00953132 /* init_engineer_iOS_App.xcdatamodel */,
			);
			currentVersion = A7D2E854244DE50E00953132 /* init_engineer_iOS_App.xcdatamodel */;
			path = init_engineer_iOS_App.xcdatamodeld;
			sourceTree = "<group>";
			versionGroupType = wrapper.xcdatamodel;
		};
/* End XCVersionGroup section */
	};
	rootObject = A7D2E83F244DE50E00953132 /* Project object */;
}
